
Microsoft Visual Studio Solution File, Format Version 12.00
# Visual Studio Version 17
VisualStudioVersion = 17.1.31903.286
MinimumVisualStudioVersion = 10.0.40219.1
Project("{2150E333-8FDC-42A3-9474-1A3956D46DE8}") = "Solution Items", "Solution Items", "{C2DBA370-CD54-4F74-A99E-90D48DCBD708}"
	ProjectSection(SolutionItems) = preProject
		readme.md = readme.md
		version.json = version.json
	EndProjectSection
EndProject
Project("{2150E333-8FDC-42A3-9474-1A3956D46DE8}") = "Push", "Push", "{8B31ACF0-86B8-4208-A054-940EA9378C1D}"
EndProject
Project("{2150E333-8FDC-42A3-9474-1A3956D46DE8}") = "Mail", "Mail", "{109FDCE7-7624-4A44-8BBD-4CA986C7A1D7}"
	ProjectSection(SolutionItems) = preProject
		db\mail_table.sql = db\mail_table.sql
	EndProjectSection
EndProject
Project("{2150E333-8FDC-42A3-9474-1A3956D46DE8}") = "src", "src", "{24C20221-23EA-427B-AAEB-5A5F475E7A78}"
	ProjectSection(SolutionItems) = preProject
		src\Directory.build.props = src\Directory.build.props
		src\nuget.png = src\nuget.png
		src\readme.txt = src\readme.txt
	EndProjectSection
EndProject
Project("{2150E333-8FDC-42A3-9474-1A3956D46DE8}") = "Build", "Build", "{651C11E3-BBFA-473C-BCFB-91FA22F6DD8A}"
	ProjectSection(SolutionItems) = preProject
		.github\workflows\build.yml = .github\workflows\build.yml
		version.json = version.json
	EndProjectSection
EndProject
Project("{2150E333-8FDC-42A3-9474-1A3956D46DE8}") = "github", "github", "{FBA41A83-81AC-41C6-A656-6F697E377B00}"
	ProjectSection(SolutionItems) = preProject
		.github\ISSUE_TEMPLATE\bug_report.yml = .github\ISSUE_TEMPLATE\bug_report.yml
		.github\CODE_OF_CONDUCT.md = .github\CODE_OF_CONDUCT.md
		.github\ISSUE_TEMPLATE\config.yml = .github\ISSUE_TEMPLATE\config.yml
		.github\CONTRIBUTING.md = .github\CONTRIBUTING.md
		.github\dependabot.yml = .github\dependabot.yml
		.github\ISSUE_TEMPLATE\feature_request.yml = .github\ISSUE_TEMPLATE\feature_request.yml
		.github\FUNDING.yml = .github\FUNDING.yml
		.github\PULL_REQUEST_TEMPLATE.md = .github\PULL_REQUEST_TEMPLATE.md
	EndProjectSection
EndProject
Project("{9A19103F-16F7-4668-BE54-9A1E7A4F7556}") = "Shiny.Extensions.Mail.Abstractions", "src\Shiny.Extensions.Mail.Abstractions\Shiny.Extensions.Mail.Abstractions.csproj", "{1F3D6907-DD9A-458C-A6BC-A232D7213AFE}"
EndProject
Project("{9A19103F-16F7-4668-BE54-9A1E7A4F7556}") = "Shiny.Extensions.Mail", "src\Shiny.Extensions.Mail\Shiny.Extensions.Mail.csproj", "{7FF64E64-128A-465E-800D-60C2547C602B}"
EndProject
Project("{9A19103F-16F7-4668-BE54-9A1E7A4F7556}") = "Shiny.Extensions.Mail.Tests", "tests\Shiny.Extensions.Mail.Tests\Shiny.Extensions.Mail.Tests.csproj", "{E77C9155-95ED-4418-8129-4BDCC6BFE501}"
EndProject
Project("{9A19103F-16F7-4668-BE54-9A1E7A4F7556}") = "Shiny.Extensions.Push.Abstractions", "src\Shiny.Extensions.Push.Abstractions\Shiny.Extensions.Push.Abstractions.csproj", "{0579D360-C000-4EB1-B065-226340DFBBDE}"
EndProject
Project("{9A19103F-16F7-4668-BE54-9A1E7A4F7556}") = "Shiny.Extensions.Push", "src\Shiny.Extensions.Push\Shiny.Extensions.Push.csproj", "{4D49EF5F-BBF5-4FEB-8EDE-EBDAAD685C04}"
EndProject
Project("{9A19103F-16F7-4668-BE54-9A1E7A4F7556}") = "Shiny.Extensions.Mail.StorageNet", "src\Shiny.Extensions.Mail.StorageNet\Shiny.Extensions.Mail.StorageNet.csproj", "{E57E68D0-37AE-4ED2-8C60-3A15FD66453E}"
EndProject
Project("{9A19103F-16F7-4668-BE54-9A1E7A4F7556}") = "Shiny.Extensions.Mail.DotLiquid", "src\Shiny.Extensions.Mail.DotLiquid\Shiny.Extensions.Mail.DotLiquid.csproj", "{E13A95DE-743F-4DFE-834F-2CAF80D2B20B}"
EndProject
Project("{9A19103F-16F7-4668-BE54-9A1E7A4F7556}") = "Shiny.Extensions.Push.Tests", "tests\Shiny.Extensions.Push.Tests\Shiny.Extensions.Push.Tests.csproj", "{7BDAF7A4-A2E3-47B1-95C7-F696591A98C8}"
EndProject
Project("{9A19103F-16F7-4668-BE54-9A1E7A4F7556}") = "Shiny.Extensions.Push.Apple", "src\Shiny.Extensions.Push.Apple\Shiny.Extensions.Push.Apple.csproj", "{C6F08DCD-2BDA-44DF-8A67-9CA42AF552EC}"
EndProject
Project("{9A19103F-16F7-4668-BE54-9A1E7A4F7556}") = "Shiny.Extensions.Push.GoogleFirebase", "src\Shiny.Extensions.Push.GoogleFirebase\Shiny.Extensions.Push.GoogleFirebase.csproj", "{6C206667-645A-4777-9098-E2E861E37BA0}"
EndProject
Project("{9A19103F-16F7-4668-BE54-9A1E7A4F7556}") = "Shiny.Extensions.Push.Endpoints", "src\Shiny.Extensions.Push.Endpoints\Shiny.Extensions.Push.Endpoints.csproj", "{6052CECA-A866-435B-87DB-8AC81F5919FF}"
EndProject
Project("{9A19103F-16F7-4668-BE54-9A1E7A4F7556}") = "Shiny.Extensions.Push.Web", "src\Shiny.Extensions.Push.Web\Shiny.Extensions.Push.Web.csproj", "{42A541B5-1722-43BF-9475-C710B9032099}"
EndProject
Project("{9A19103F-16F7-4668-BE54-9A1E7A4F7556}") = "Shiny.Extensions.EntityFramework", "src\Shiny.Extensions.EntityFramework\Shiny.Extensions.EntityFramework.csproj", "{2292E505-10FD-4348-93EC-00541074E841}"
EndProject
Project("{9A19103F-16F7-4668-BE54-9A1E7A4F7556}") = "Shiny.Extensions.WebHosting", "src\Shiny.Extensions.WebHosting\Shiny.Extensions.WebHosting.csproj", "{EC01A0CE-325C-4232-AC68-D2A5BF95EF9A}"
EndProject
Project("{2150E333-8FDC-42A3-9474-1A3956D46DE8}") = "tests", "tests", "{B3661F42-EDD4-41AE-A194-7C0B53C4CC5E}"
EndProject
Project("{FAE04EC0-301F-11D3-BF4B-00C04F79EFBC}") = "Shiny.Extensions.EntityFramework.Tests", "tests\Shiny.Extensions.EntityFramework.Tests\Shiny.Extensions.EntityFramework.Tests.csproj", "{E7EA9679-03E6-4EC4-A1BD-04F92DC152EE}"
EndProject
Project("{FAE04EC0-301F-11D3-BF4B-00C04F79EFBC}") = "Shiny.Extensions.WebHosting.Tests", "tests\Shiny.Extensions.WebHosting.Tests\Shiny.Extensions.WebHosting.Tests.csproj", "{E14F625D-B2D1-48FA-89C7-66909A1C7CFF}"
EndProject
Global
	GlobalSection(SolutionConfigurationPlatforms) = preSolution
		Debug|Any CPU = Debug|Any CPU
		Debug|iPhone = Debug|iPhone
		Debug|iPhoneSimulator = Debug|iPhoneSimulator
		Release|Any CPU = Release|Any CPU
		Release|iPhone = Release|iPhone
		Release|iPhoneSimulator = Release|iPhoneSimulator
	EndGlobalSection
	GlobalSection(ProjectConfigurationPlatforms) = postSolution
		{1F3D6907-DD9A-458C-A6BC-A232D7213AFE}.Debug|Any CPU.ActiveCfg = Debug|Any CPU
		{1F3D6907-DD9A-458C-A6BC-A232D7213AFE}.Debug|Any CPU.Build.0 = Debug|Any CPU
		{1F3D6907-DD9A-458C-A6BC-A232D7213AFE}.Debug|iPhone.ActiveCfg = Debug|Any CPU
		{1F3D6907-DD9A-458C-A6BC-A232D7213AFE}.Debug|iPhone.Build.0 = Debug|Any CPU
		{1F3D6907-DD9A-458C-A6BC-A232D7213AFE}.Debug|iPhoneSimulator.ActiveCfg = Debug|Any CPU
		{1F3D6907-DD9A-458C-A6BC-A232D7213AFE}.Debug|iPhoneSimulator.Build.0 = Debug|Any CPU
		{1F3D6907-DD9A-458C-A6BC-A232D7213AFE}.Release|Any CPU.ActiveCfg = Release|Any CPU
		{1F3D6907-DD9A-458C-A6BC-A232D7213AFE}.Release|Any CPU.Build.0 = Release|Any CPU
		{1F3D6907-DD9A-458C-A6BC-A232D7213AFE}.Release|iPhone.ActiveCfg = Release|Any CPU
		{1F3D6907-DD9A-458C-A6BC-A232D7213AFE}.Release|iPhone.Build.0 = Release|Any CPU
		{1F3D6907-DD9A-458C-A6BC-A232D7213AFE}.Release|iPhoneSimulator.ActiveCfg = Release|Any CPU
		{1F3D6907-DD9A-458C-A6BC-A232D7213AFE}.Release|iPhoneSimulator.Build.0 = Release|Any CPU
		{7FF64E64-128A-465E-800D-60C2547C602B}.Debug|Any CPU.ActiveCfg = Debug|Any CPU
		{7FF64E64-128A-465E-800D-60C2547C602B}.Debug|Any CPU.Build.0 = Debug|Any CPU
		{7FF64E64-128A-465E-800D-60C2547C602B}.Debug|iPhone.ActiveCfg = Debug|Any CPU
		{7FF64E64-128A-465E-800D-60C2547C602B}.Debug|iPhone.Build.0 = Debug|Any CPU
		{7FF64E64-128A-465E-800D-60C2547C602B}.Debug|iPhoneSimulator.ActiveCfg = Debug|Any CPU
		{7FF64E64-128A-465E-800D-60C2547C602B}.Debug|iPhoneSimulator.Build.0 = Debug|Any CPU
		{7FF64E64-128A-465E-800D-60C2547C602B}.Release|Any CPU.ActiveCfg = Release|Any CPU
		{7FF64E64-128A-465E-800D-60C2547C602B}.Release|Any CPU.Build.0 = Release|Any CPU
		{7FF64E64-128A-465E-800D-60C2547C602B}.Release|iPhone.ActiveCfg = Release|Any CPU
		{7FF64E64-128A-465E-800D-60C2547C602B}.Release|iPhone.Build.0 = Release|Any CPU
		{7FF64E64-128A-465E-800D-60C2547C602B}.Release|iPhoneSimulator.ActiveCfg = Release|Any CPU
		{7FF64E64-128A-465E-800D-60C2547C602B}.Release|iPhoneSimulator.Build.0 = Release|Any CPU
		{E77C9155-95ED-4418-8129-4BDCC6BFE501}.Debug|Any CPU.ActiveCfg = Debug|Any CPU
		{E77C9155-95ED-4418-8129-4BDCC6BFE501}.Debug|Any CPU.Build.0 = Debug|Any CPU
		{E77C9155-95ED-4418-8129-4BDCC6BFE501}.Debug|iPhone.ActiveCfg = Debug|Any CPU
		{E77C9155-95ED-4418-8129-4BDCC6BFE501}.Debug|iPhone.Build.0 = Debug|Any CPU
		{E77C9155-95ED-4418-8129-4BDCC6BFE501}.Debug|iPhoneSimulator.ActiveCfg = Debug|Any CPU
		{E77C9155-95ED-4418-8129-4BDCC6BFE501}.Debug|iPhoneSimulator.Build.0 = Debug|Any CPU
		{E77C9155-95ED-4418-8129-4BDCC6BFE501}.Release|Any CPU.ActiveCfg = Release|Any CPU
		{E77C9155-95ED-4418-8129-4BDCC6BFE501}.Release|Any CPU.Build.0 = Release|Any CPU
		{E77C9155-95ED-4418-8129-4BDCC6BFE501}.Release|iPhone.ActiveCfg = Release|Any CPU
		{E77C9155-95ED-4418-8129-4BDCC6BFE501}.Release|iPhone.Build.0 = Release|Any CPU
		{E77C9155-95ED-4418-8129-4BDCC6BFE501}.Release|iPhoneSimulator.ActiveCfg = Release|Any CPU
		{E77C9155-95ED-4418-8129-4BDCC6BFE501}.Release|iPhoneSimulator.Build.0 = Release|Any CPU
		{0579D360-C000-4EB1-B065-226340DFBBDE}.Debug|Any CPU.ActiveCfg = Debug|Any CPU
		{0579D360-C000-4EB1-B065-226340DFBBDE}.Debug|Any CPU.Build.0 = Debug|Any CPU
		{0579D360-C000-4EB1-B065-226340DFBBDE}.Debug|iPhone.ActiveCfg = Debug|Any CPU
		{0579D360-C000-4EB1-B065-226340DFBBDE}.Debug|iPhone.Build.0 = Debug|Any CPU
		{0579D360-C000-4EB1-B065-226340DFBBDE}.Debug|iPhoneSimulator.ActiveCfg = Debug|Any CPU
		{0579D360-C000-4EB1-B065-226340DFBBDE}.Debug|iPhoneSimulator.Build.0 = Debug|Any CPU
		{0579D360-C000-4EB1-B065-226340DFBBDE}.Release|Any CPU.ActiveCfg = Release|Any CPU
		{0579D360-C000-4EB1-B065-226340DFBBDE}.Release|Any CPU.Build.0 = Release|Any CPU
		{0579D360-C000-4EB1-B065-226340DFBBDE}.Release|iPhone.ActiveCfg = Release|Any CPU
		{0579D360-C000-4EB1-B065-226340DFBBDE}.Release|iPhone.Build.0 = Release|Any CPU
		{0579D360-C000-4EB1-B065-226340DFBBDE}.Release|iPhoneSimulator.ActiveCfg = Release|Any CPU
		{0579D360-C000-4EB1-B065-226340DFBBDE}.Release|iPhoneSimulator.Build.0 = Release|Any CPU
		{4D49EF5F-BBF5-4FEB-8EDE-EBDAAD685C04}.Debug|Any CPU.ActiveCfg = Debug|Any CPU
		{4D49EF5F-BBF5-4FEB-8EDE-EBDAAD685C04}.Debug|Any CPU.Build.0 = Debug|Any CPU
		{4D49EF5F-BBF5-4FEB-8EDE-EBDAAD685C04}.Debug|iPhone.ActiveCfg = Debug|Any CPU
		{4D49EF5F-BBF5-4FEB-8EDE-EBDAAD685C04}.Debug|iPhone.Build.0 = Debug|Any CPU
		{4D49EF5F-BBF5-4FEB-8EDE-EBDAAD685C04}.Debug|iPhoneSimulator.ActiveCfg = Debug|Any CPU
		{4D49EF5F-BBF5-4FEB-8EDE-EBDAAD685C04}.Debug|iPhoneSimulator.Build.0 = Debug|Any CPU
		{4D49EF5F-BBF5-4FEB-8EDE-EBDAAD685C04}.Release|Any CPU.ActiveCfg = Release|Any CPU
		{4D49EF5F-BBF5-4FEB-8EDE-EBDAAD685C04}.Release|Any CPU.Build.0 = Release|Any CPU
		{4D49EF5F-BBF5-4FEB-8EDE-EBDAAD685C04}.Release|iPhone.ActiveCfg = Release|Any CPU
		{4D49EF5F-BBF5-4FEB-8EDE-EBDAAD685C04}.Release|iPhone.Build.0 = Release|Any CPU
		{4D49EF5F-BBF5-4FEB-8EDE-EBDAAD685C04}.Release|iPhoneSimulator.ActiveCfg = Release|Any CPU
		{4D49EF5F-BBF5-4FEB-8EDE-EBDAAD685C04}.Release|iPhoneSimulator.Build.0 = Release|Any CPU
		{E57E68D0-37AE-4ED2-8C60-3A15FD66453E}.Debug|Any CPU.ActiveCfg = Debug|Any CPU
		{E57E68D0-37AE-4ED2-8C60-3A15FD66453E}.Debug|Any CPU.Build.0 = Debug|Any CPU
		{E57E68D0-37AE-4ED2-8C60-3A15FD66453E}.Debug|iPhone.ActiveCfg = Debug|Any CPU
		{E57E68D0-37AE-4ED2-8C60-3A15FD66453E}.Debug|iPhone.Build.0 = Debug|Any CPU
		{E57E68D0-37AE-4ED2-8C60-3A15FD66453E}.Debug|iPhoneSimulator.ActiveCfg = Debug|Any CPU
		{E57E68D0-37AE-4ED2-8C60-3A15FD66453E}.Debug|iPhoneSimulator.Build.0 = Debug|Any CPU
		{E57E68D0-37AE-4ED2-8C60-3A15FD66453E}.Release|Any CPU.ActiveCfg = Release|Any CPU
		{E57E68D0-37AE-4ED2-8C60-3A15FD66453E}.Release|Any CPU.Build.0 = Release|Any CPU
		{E57E68D0-37AE-4ED2-8C60-3A15FD66453E}.Release|iPhone.ActiveCfg = Release|Any CPU
		{E57E68D0-37AE-4ED2-8C60-3A15FD66453E}.Release|iPhone.Build.0 = Release|Any CPU
		{E57E68D0-37AE-4ED2-8C60-3A15FD66453E}.Release|iPhoneSimulator.ActiveCfg = Release|Any CPU
		{E57E68D0-37AE-4ED2-8C60-3A15FD66453E}.Release|iPhoneSimulator.Build.0 = Release|Any CPU
		{E13A95DE-743F-4DFE-834F-2CAF80D2B20B}.Debug|Any CPU.ActiveCfg = Debug|Any CPU
		{E13A95DE-743F-4DFE-834F-2CAF80D2B20B}.Debug|Any CPU.Build.0 = Debug|Any CPU
		{E13A95DE-743F-4DFE-834F-2CAF80D2B20B}.Debug|iPhone.ActiveCfg = Debug|Any CPU
		{E13A95DE-743F-4DFE-834F-2CAF80D2B20B}.Debug|iPhone.Build.0 = Debug|Any CPU
		{E13A95DE-743F-4DFE-834F-2CAF80D2B20B}.Debug|iPhoneSimulator.ActiveCfg = Debug|Any CPU
		{E13A95DE-743F-4DFE-834F-2CAF80D2B20B}.Debug|iPhoneSimulator.Build.0 = Debug|Any CPU
		{E13A95DE-743F-4DFE-834F-2CAF80D2B20B}.Release|Any CPU.ActiveCfg = Release|Any CPU
		{E13A95DE-743F-4DFE-834F-2CAF80D2B20B}.Release|Any CPU.Build.0 = Release|Any CPU
		{E13A95DE-743F-4DFE-834F-2CAF80D2B20B}.Release|iPhone.ActiveCfg = Release|Any CPU
		{E13A95DE-743F-4DFE-834F-2CAF80D2B20B}.Release|iPhone.Build.0 = Release|Any CPU
		{E13A95DE-743F-4DFE-834F-2CAF80D2B20B}.Release|iPhoneSimulator.ActiveCfg = Release|Any CPU
		{E13A95DE-743F-4DFE-834F-2CAF80D2B20B}.Release|iPhoneSimulator.Build.0 = Release|Any CPU
		{7BDAF7A4-A2E3-47B1-95C7-F696591A98C8}.Debug|Any CPU.ActiveCfg = Debug|Any CPU
		{7BDAF7A4-A2E3-47B1-95C7-F696591A98C8}.Debug|Any CPU.Build.0 = Debug|Any CPU
		{7BDAF7A4-A2E3-47B1-95C7-F696591A98C8}.Debug|iPhone.ActiveCfg = Debug|Any CPU
		{7BDAF7A4-A2E3-47B1-95C7-F696591A98C8}.Debug|iPhone.Build.0 = Debug|Any CPU
		{7BDAF7A4-A2E3-47B1-95C7-F696591A98C8}.Debug|iPhoneSimulator.ActiveCfg = Debug|Any CPU
		{7BDAF7A4-A2E3-47B1-95C7-F696591A98C8}.Debug|iPhoneSimulator.Build.0 = Debug|Any CPU
		{7BDAF7A4-A2E3-47B1-95C7-F696591A98C8}.Release|Any CPU.ActiveCfg = Release|Any CPU
		{7BDAF7A4-A2E3-47B1-95C7-F696591A98C8}.Release|Any CPU.Build.0 = Release|Any CPU
		{7BDAF7A4-A2E3-47B1-95C7-F696591A98C8}.Release|iPhone.ActiveCfg = Release|Any CPU
		{7BDAF7A4-A2E3-47B1-95C7-F696591A98C8}.Release|iPhone.Build.0 = Release|Any CPU
		{7BDAF7A4-A2E3-47B1-95C7-F696591A98C8}.Release|iPhoneSimulator.ActiveCfg = Release|Any CPU
		{7BDAF7A4-A2E3-47B1-95C7-F696591A98C8}.Release|iPhoneSimulator.Build.0 = Release|Any CPU
		{C6F08DCD-2BDA-44DF-8A67-9CA42AF552EC}.Debug|Any CPU.ActiveCfg = Debug|Any CPU
		{C6F08DCD-2BDA-44DF-8A67-9CA42AF552EC}.Debug|Any CPU.Build.0 = Debug|Any CPU
		{C6F08DCD-2BDA-44DF-8A67-9CA42AF552EC}.Debug|iPhone.ActiveCfg = Debug|Any CPU
		{C6F08DCD-2BDA-44DF-8A67-9CA42AF552EC}.Debug|iPhone.Build.0 = Debug|Any CPU
		{C6F08DCD-2BDA-44DF-8A67-9CA42AF552EC}.Debug|iPhoneSimulator.ActiveCfg = Debug|Any CPU
		{C6F08DCD-2BDA-44DF-8A67-9CA42AF552EC}.Debug|iPhoneSimulator.Build.0 = Debug|Any CPU
		{C6F08DCD-2BDA-44DF-8A67-9CA42AF552EC}.Release|Any CPU.ActiveCfg = Release|Any CPU
		{C6F08DCD-2BDA-44DF-8A67-9CA42AF552EC}.Release|Any CPU.Build.0 = Release|Any CPU
		{C6F08DCD-2BDA-44DF-8A67-9CA42AF552EC}.Release|iPhone.ActiveCfg = Release|Any CPU
		{C6F08DCD-2BDA-44DF-8A67-9CA42AF552EC}.Release|iPhone.Build.0 = Release|Any CPU
		{C6F08DCD-2BDA-44DF-8A67-9CA42AF552EC}.Release|iPhoneSimulator.ActiveCfg = Release|Any CPU
		{C6F08DCD-2BDA-44DF-8A67-9CA42AF552EC}.Release|iPhoneSimulator.Build.0 = Release|Any CPU
		{6C206667-645A-4777-9098-E2E861E37BA0}.Debug|Any CPU.ActiveCfg = Debug|Any CPU
		{6C206667-645A-4777-9098-E2E861E37BA0}.Debug|Any CPU.Build.0 = Debug|Any CPU
		{6C206667-645A-4777-9098-E2E861E37BA0}.Debug|iPhone.ActiveCfg = Debug|Any CPU
		{6C206667-645A-4777-9098-E2E861E37BA0}.Debug|iPhone.Build.0 = Debug|Any CPU
		{6C206667-645A-4777-9098-E2E861E37BA0}.Debug|iPhoneSimulator.ActiveCfg = Debug|Any CPU
		{6C206667-645A-4777-9098-E2E861E37BA0}.Debug|iPhoneSimulator.Build.0 = Debug|Any CPU
		{6C206667-645A-4777-9098-E2E861E37BA0}.Release|Any CPU.ActiveCfg = Release|Any CPU
		{6C206667-645A-4777-9098-E2E861E37BA0}.Release|Any CPU.Build.0 = Release|Any CPU
		{6C206667-645A-4777-9098-E2E861E37BA0}.Release|iPhone.ActiveCfg = Release|Any CPU
		{6C206667-645A-4777-9098-E2E861E37BA0}.Release|iPhone.Build.0 = Release|Any CPU
		{6C206667-645A-4777-9098-E2E861E37BA0}.Release|iPhoneSimulator.ActiveCfg = Release|Any CPU
		{6C206667-645A-4777-9098-E2E861E37BA0}.Release|iPhoneSimulator.Build.0 = Release|Any CPU
		{6052CECA-A866-435B-87DB-8AC81F5919FF}.Debug|Any CPU.ActiveCfg = Debug|Any CPU
		{6052CECA-A866-435B-87DB-8AC81F5919FF}.Debug|Any CPU.Build.0 = Debug|Any CPU
		{6052CECA-A866-435B-87DB-8AC81F5919FF}.Debug|iPhone.ActiveCfg = Debug|Any CPU
		{6052CECA-A866-435B-87DB-8AC81F5919FF}.Debug|iPhone.Build.0 = Debug|Any CPU
		{6052CECA-A866-435B-87DB-8AC81F5919FF}.Debug|iPhoneSimulator.ActiveCfg = Debug|Any CPU
		{6052CECA-A866-435B-87DB-8AC81F5919FF}.Debug|iPhoneSimulator.Build.0 = Debug|Any CPU
		{6052CECA-A866-435B-87DB-8AC81F5919FF}.Release|Any CPU.ActiveCfg = Release|Any CPU
		{6052CECA-A866-435B-87DB-8AC81F5919FF}.Release|Any CPU.Build.0 = Release|Any CPU
		{6052CECA-A866-435B-87DB-8AC81F5919FF}.Release|iPhone.ActiveCfg = Release|Any CPU
		{6052CECA-A866-435B-87DB-8AC81F5919FF}.Release|iPhone.Build.0 = Release|Any CPU
		{6052CECA-A866-435B-87DB-8AC81F5919FF}.Release|iPhoneSimulator.ActiveCfg = Release|Any CPU
		{6052CECA-A866-435B-87DB-8AC81F5919FF}.Release|iPhoneSimulator.Build.0 = Release|Any CPU
		{42A541B5-1722-43BF-9475-C710B9032099}.Debug|Any CPU.ActiveCfg = Debug|Any CPU
		{42A541B5-1722-43BF-9475-C710B9032099}.Debug|Any CPU.Build.0 = Debug|Any CPU
		{42A541B5-1722-43BF-9475-C710B9032099}.Debug|iPhone.ActiveCfg = Debug|Any CPU
		{42A541B5-1722-43BF-9475-C710B9032099}.Debug|iPhone.Build.0 = Debug|Any CPU
		{42A541B5-1722-43BF-9475-C710B9032099}.Debug|iPhoneSimulator.ActiveCfg = Debug|Any CPU
		{42A541B5-1722-43BF-9475-C710B9032099}.Debug|iPhoneSimulator.Build.0 = Debug|Any CPU
		{42A541B5-1722-43BF-9475-C710B9032099}.Release|Any CPU.ActiveCfg = Release|Any CPU
		{42A541B5-1722-43BF-9475-C710B9032099}.Release|Any CPU.Build.0 = Release|Any CPU
		{42A541B5-1722-43BF-9475-C710B9032099}.Release|iPhone.ActiveCfg = Release|Any CPU
		{42A541B5-1722-43BF-9475-C710B9032099}.Release|iPhone.Build.0 = Release|Any CPU
		{42A541B5-1722-43BF-9475-C710B9032099}.Release|iPhoneSimulator.ActiveCfg = Release|Any CPU
		{42A541B5-1722-43BF-9475-C710B9032099}.Release|iPhoneSimulator.Build.0 = Release|Any CPU
		{2292E505-10FD-4348-93EC-00541074E841}.Debug|Any CPU.ActiveCfg = Debug|Any CPU
		{2292E505-10FD-4348-93EC-00541074E841}.Debug|Any CPU.Build.0 = Debug|Any CPU
		{2292E505-10FD-4348-93EC-00541074E841}.Debug|iPhone.ActiveCfg = Debug|Any CPU
		{2292E505-10FD-4348-93EC-00541074E841}.Debug|iPhone.Build.0 = Debug|Any CPU
		{2292E505-10FD-4348-93EC-00541074E841}.Debug|iPhoneSimulator.ActiveCfg = Debug|Any CPU
		{2292E505-10FD-4348-93EC-00541074E841}.Debug|iPhoneSimulator.Build.0 = Debug|Any CPU
		{2292E505-10FD-4348-93EC-00541074E841}.Release|Any CPU.ActiveCfg = Release|Any CPU
		{2292E505-10FD-4348-93EC-00541074E841}.Release|Any CPU.Build.0 = Release|Any CPU
		{2292E505-10FD-4348-93EC-00541074E841}.Release|iPhone.ActiveCfg = Release|Any CPU
		{2292E505-10FD-4348-93EC-00541074E841}.Release|iPhone.Build.0 = Release|Any CPU
		{2292E505-10FD-4348-93EC-00541074E841}.Release|iPhoneSimulator.ActiveCfg = Release|Any CPU
		{2292E505-10FD-4348-93EC-00541074E841}.Release|iPhoneSimulator.Build.0 = Release|Any CPU
		{EC01A0CE-325C-4232-AC68-D2A5BF95EF9A}.Debug|Any CPU.ActiveCfg = Debug|Any CPU
		{EC01A0CE-325C-4232-AC68-D2A5BF95EF9A}.Debug|Any CPU.Build.0 = Debug|Any CPU
		{EC01A0CE-325C-4232-AC68-D2A5BF95EF9A}.Debug|iPhone.ActiveCfg = Debug|Any CPU
		{EC01A0CE-325C-4232-AC68-D2A5BF95EF9A}.Debug|iPhone.Build.0 = Debug|Any CPU
		{EC01A0CE-325C-4232-AC68-D2A5BF95EF9A}.Debug|iPhoneSimulator.ActiveCfg = Debug|Any CPU
		{EC01A0CE-325C-4232-AC68-D2A5BF95EF9A}.Debug|iPhoneSimulator.Build.0 = Debug|Any CPU
		{EC01A0CE-325C-4232-AC68-D2A5BF95EF9A}.Release|Any CPU.ActiveCfg = Release|Any CPU
		{EC01A0CE-325C-4232-AC68-D2A5BF95EF9A}.Release|Any CPU.Build.0 = Release|Any CPU
		{EC01A0CE-325C-4232-AC68-D2A5BF95EF9A}.Release|iPhone.ActiveCfg = Release|Any CPU
		{EC01A0CE-325C-4232-AC68-D2A5BF95EF9A}.Release|iPhone.Build.0 = Release|Any CPU
		{EC01A0CE-325C-4232-AC68-D2A5BF95EF9A}.Release|iPhoneSimulator.ActiveCfg = Release|Any CPU
		{EC01A0CE-325C-4232-AC68-D2A5BF95EF9A}.Release|iPhoneSimulator.Build.0 = Release|Any CPU
		{E7EA9679-03E6-4EC4-A1BD-04F92DC152EE}.Debug|Any CPU.ActiveCfg = Debug|Any CPU
		{E7EA9679-03E6-4EC4-A1BD-04F92DC152EE}.Debug|Any CPU.Build.0 = Debug|Any CPU
		{E7EA9679-03E6-4EC4-A1BD-04F92DC152EE}.Debug|iPhone.ActiveCfg = Debug|Any CPU
		{E7EA9679-03E6-4EC4-A1BD-04F92DC152EE}.Debug|iPhone.Build.0 = Debug|Any CPU
		{E7EA9679-03E6-4EC4-A1BD-04F92DC152EE}.Debug|iPhoneSimulator.ActiveCfg = Debug|Any CPU
		{E7EA9679-03E6-4EC4-A1BD-04F92DC152EE}.Debug|iPhoneSimulator.Build.0 = Debug|Any CPU
		{E7EA9679-03E6-4EC4-A1BD-04F92DC152EE}.Release|Any CPU.ActiveCfg = Release|Any CPU
		{E7EA9679-03E6-4EC4-A1BD-04F92DC152EE}.Release|Any CPU.Build.0 = Release|Any CPU
		{E7EA9679-03E6-4EC4-A1BD-04F92DC152EE}.Release|iPhone.ActiveCfg = Release|Any CPU
		{E7EA9679-03E6-4EC4-A1BD-04F92DC152EE}.Release|iPhone.Build.0 = Release|Any CPU
		{E7EA9679-03E6-4EC4-A1BD-04F92DC152EE}.Release|iPhoneSimulator.ActiveCfg = Release|Any CPU
		{E7EA9679-03E6-4EC4-A1BD-04F92DC152EE}.Release|iPhoneSimulator.Build.0 = Release|Any CPU
		{E14F625D-B2D1-48FA-89C7-66909A1C7CFF}.Debug|Any CPU.ActiveCfg = Debug|Any CPU
		{E14F625D-B2D1-48FA-89C7-66909A1C7CFF}.Debug|Any CPU.Build.0 = Debug|Any CPU
		{E14F625D-B2D1-48FA-89C7-66909A1C7CFF}.Debug|iPhone.ActiveCfg = Debug|Any CPU
		{E14F625D-B2D1-48FA-89C7-66909A1C7CFF}.Debug|iPhone.Build.0 = Debug|Any CPU
		{E14F625D-B2D1-48FA-89C7-66909A1C7CFF}.Debug|iPhoneSimulator.ActiveCfg = Debug|Any CPU
		{E14F625D-B2D1-48FA-89C7-66909A1C7CFF}.Debug|iPhoneSimulator.Build.0 = Debug|Any CPU
		{E14F625D-B2D1-48FA-89C7-66909A1C7CFF}.Release|Any CPU.ActiveCfg = Release|Any CPU
		{E14F625D-B2D1-48FA-89C7-66909A1C7CFF}.Release|Any CPU.Build.0 = Release|Any CPU
		{E14F625D-B2D1-48FA-89C7-66909A1C7CFF}.Release|iPhone.ActiveCfg = Release|Any CPU
		{E14F625D-B2D1-48FA-89C7-66909A1C7CFF}.Release|iPhone.Build.0 = Release|Any CPU
		{E14F625D-B2D1-48FA-89C7-66909A1C7CFF}.Release|iPhoneSimulator.ActiveCfg = Release|Any CPU
		{E14F625D-B2D1-48FA-89C7-66909A1C7CFF}.Release|iPhoneSimulator.Build.0 = Release|Any CPU
	EndGlobalSection
	GlobalSection(SolutionProperties) = preSolution
		HideSolutionNode = FALSE
	EndGlobalSection
	GlobalSection(NestedProjects) = preSolution
		{8B31ACF0-86B8-4208-A054-940EA9378C1D} = {24C20221-23EA-427B-AAEB-5A5F475E7A78}
		{109FDCE7-7624-4A44-8BBD-4CA986C7A1D7} = {24C20221-23EA-427B-AAEB-5A5F475E7A78}
		{FBA41A83-81AC-41C6-A656-6F697E377B00} = {651C11E3-BBFA-473C-BCFB-91FA22F6DD8A}
		{1F3D6907-DD9A-458C-A6BC-A232D7213AFE} = {109FDCE7-7624-4A44-8BBD-4CA986C7A1D7}
		{7FF64E64-128A-465E-800D-60C2547C602B} = {109FDCE7-7624-4A44-8BBD-4CA986C7A1D7}
		{0579D360-C000-4EB1-B065-226340DFBBDE} = {8B31ACF0-86B8-4208-A054-940EA9378C1D}
		{4D49EF5F-BBF5-4FEB-8EDE-EBDAAD685C04} = {8B31ACF0-86B8-4208-A054-940EA9378C1D}
		{E57E68D0-37AE-4ED2-8C60-3A15FD66453E} = {109FDCE7-7624-4A44-8BBD-4CA986C7A1D7}
		{E13A95DE-743F-4DFE-834F-2CAF80D2B20B} = {109FDCE7-7624-4A44-8BBD-4CA986C7A1D7}
		{C6F08DCD-2BDA-44DF-8A67-9CA42AF552EC} = {8B31ACF0-86B8-4208-A054-940EA9378C1D}
		{6C206667-645A-4777-9098-E2E861E37BA0} = {8B31ACF0-86B8-4208-A054-940EA9378C1D}
		{6052CECA-A866-435B-87DB-8AC81F5919FF} = {8B31ACF0-86B8-4208-A054-940EA9378C1D}
		{42A541B5-1722-43BF-9475-C710B9032099} = {8B31ACF0-86B8-4208-A054-940EA9378C1D}
		{2292E505-10FD-4348-93EC-00541074E841} = {24C20221-23EA-427B-AAEB-5A5F475E7A78}
		{EC01A0CE-325C-4232-AC68-D2A5BF95EF9A} = {24C20221-23EA-427B-AAEB-5A5F475E7A78}
		{E7EA9679-03E6-4EC4-A1BD-04F92DC152EE} = {B3661F42-EDD4-41AE-A194-7C0B53C4CC5E}
		{7BDAF7A4-A2E3-47B1-95C7-F696591A98C8} = {B3661F42-EDD4-41AE-A194-7C0B53C4CC5E}
		{E77C9155-95ED-4418-8129-4BDCC6BFE501} = {B3661F42-EDD4-41AE-A194-7C0B53C4CC5E}
		{E14F625D-B2D1-48FA-89C7-66909A1C7CFF} = {B3661F42-EDD4-41AE-A194-7C0B53C4CC5E}
	EndGlobalSection
	GlobalSection(ExtensibilityGlobals) = postSolution
		SolutionGuid = {97760152-ADDA-421F-9345-9C7825A99FB7}
	EndGlobalSection
EndGlobal
