
Microsoft Visual Studio Solution File, Format Version 12.00
# Visual Studio Version 17
VisualStudioVersion = 17.1.31903.286
MinimumVisualStudioVersion = 10.0.40219.1
Project("{9A19103F-16F7-4668-BE54-9A1E7A4F7556}") = "Shiny.Api.Push.Abstractions", "src\Shiny.Api.Push.Abstractions\Shiny.Api.Push.Abstractions.csproj", "{3553DFFC-E5CF-42DC-B35F-54A2D00CD241}"
EndProject
Project("{9A19103F-16F7-4668-BE54-9A1E7A4F7556}") = "Shiny.Api.Push", "src\Shiny.Api.Push\Shiny.Api.Push.csproj", "{2EC75A0D-EA3E-4BED-ACE2-E02A89BA30B5}"
EndProject
Project("{2150E333-8FDC-42A3-9474-1A3956D46DE8}") = "Solution Items", "Solution Items", "{C2DBA370-CD54-4F74-A99E-90D48DCBD708}"
	ProjectSection(SolutionItems) = preProject
		src\Directory.build.props = src\Directory.build.props
		src\global.json = src\global.json
		src\nuget.png = src\nuget.png
		readme.md = readme.md
		src\readme.txt = src\readme.txt
	EndProjectSection
EndProject
Project("{9A19103F-16F7-4668-BE54-9A1E7A4F7556}") = "SampleWeb", "samples\SampleWeb\SampleWeb.csproj", "{17D190DF-08B9-4BCD-B839-727FFC3587F2}"
EndProject
Project("{9A19103F-16F7-4668-BE54-9A1E7A4F7556}") = "Shiny.Mail", "src\Shiny.Mail\Shiny.Mail.csproj", "{7CC48FE4-A18D-4980-81A2-8E03A3FF47F2}"
EndProject
Project("{9A19103F-16F7-4668-BE54-9A1E7A4F7556}") = "Shiny.Storage", "src\Shiny.Storage\Shiny.Storage.csproj", "{EA8EB757-F4CC-4826-9DC4-CC9773E1AF47}"
EndProject
Project("{9A19103F-16F7-4668-BE54-9A1E7A4F7556}") = "Shiny.Mail.TemplateParsers.Razor", "src\Shiny.Mail.TemplateParsers.Razor\Shiny.Mail.TemplateParsers.Razor.csproj", "{EAD87252-0D10-4CDF-97C1-0D0029D38759}"
EndProject
Project("{9A19103F-16F7-4668-BE54-9A1E7A4F7556}") = "Shiny.Storage.AzureBlobStorage", "src\Shiny.Storage.AzureBlobStorage\Shiny.Storage.AzureBlobStorage.csproj", "{67A94163-3F70-45DC-A017-4B8B6750F6C2}"
EndProject
Project("{9A19103F-16F7-4668-BE54-9A1E7A4F7556}") = "Shiny.Storage.Tests", "tests\Shiny.Storage.Tests\Shiny.Storage.Tests.csproj", "{36EE7A3E-47B8-4A54-B3D0-6D4AD3F4CC41}"
EndProject
Project("{9A19103F-16F7-4668-BE54-9A1E7A4F7556}") = "Shiny.Mail.Tests", "tests\Shiny.Mail.Tests\Shiny.Mail.Tests.csproj", "{145C7E11-D398-4398-835A-2AE25A1E373D}"
EndProject
Project("{9A19103F-16F7-4668-BE54-9A1E7A4F7556}") = "Shiny.Api.Push.Tests", "tests\Shiny.Api.Push.Tests\Shiny.Api.Push.Tests.csproj", "{F15A48C6-B47C-4245-A3F8-964FEE09A42D}"
EndProject
Project("{2150E333-8FDC-42A3-9474-1A3956D46DE8}") = "Push", "Push", "{8B31ACF0-86B8-4208-A054-940EA9378C1D}"
EndProject
Project("{2150E333-8FDC-42A3-9474-1A3956D46DE8}") = "Mail", "Mail", "{109FDCE7-7624-4A44-8BBD-4CA986C7A1D7}"
EndProject
Project("{2150E333-8FDC-42A3-9474-1A3956D46DE8}") = "Storage", "Storage", "{CB07DEE0-7625-45A5-9452-2C5A5946DC96}"
EndProject
Project("{9A19103F-16F7-4668-BE54-9A1E7A4F7556}") = "ShinyApiBuild", "build\ShinyApiBuild\ShinyApiBuild.csproj", "{1D70197D-59F1-458A-903E-A17396F66A05}"
EndProject
Project("{9A19103F-16F7-4668-BE54-9A1E7A4F7556}") = "Shiny.Storage.FtpClient", "src\Shiny.Storage.FtpClient\Shiny.Storage.FtpClient.csproj", "{C560C153-180C-4CE1-ACDE-5783EE357314}"
EndProject
Project("{9A19103F-16F7-4668-BE54-9A1E7A4F7556}") = "Shiny.Api.Push.Ef", "src\Shiny.Api.Push.Ef\Shiny.Api.Push.Ef.csproj", "{5FF8CC77-EA18-4F2C-915D-59263BD94817}"
EndProject
Project("{9A19103F-16F7-4668-BE54-9A1E7A4F7556}") = "Shiny.Api.Push.Providers", "src\Shiny.Api.Push.Providers\Shiny.Api.Push.Providers.csproj", "{F7BB0282-93DF-491B-9D83-EB3DA637CD07}"
EndProject
Project("{9A19103F-16F7-4668-BE54-9A1E7A4F7556}") = "Shiny.Api.Push.GeoDispatching", "src\Shiny.Api.Push.GeoDispatching\Shiny.Api.Push.GeoDispatching.csproj", "{E0E7C2D5-111D-4027-9D6D-FBAB78AC3DF3}"
EndProject
Project("{2150E333-8FDC-42A3-9474-1A3956D46DE8}") = "Samples", "Samples", "{C079828E-C618-4B92-8D22-9E286426C5F6}"
EndProject
Project("{9A19103F-16F7-4668-BE54-9A1E7A4F7556}") = "SampleMobile", "samples\SampleMobile\SampleMobile.csproj", "{B3297A80-BA04-4FF5-A6E5-9A15575AE293}"
EndProject
Project("{FAE04EC0-301F-11D3-BF4B-00C04F79EFBC}") = "SampleMobile.iOS", "samples\SampleMobile.iOS\SampleMobile.iOS.csproj", "{049F413C-7BC4-421B-801D-9B5AB53D0022}"
EndProject
Project("{FAE04EC0-301F-11D3-BF4B-00C04F79EFBC}") = "SampleMobile.Android", "samples\SampleMobile.Android\SampleMobile.Android.csproj", "{DE60DA70-889F-4819-857F-29D47A114788}"
EndProject
Global
	GlobalSection(SolutionConfigurationPlatforms) = preSolution
		Debug|Any CPU = Debug|Any CPU
		Debug|iPhone = Debug|iPhone
		Debug|iPhoneSimulator = Debug|iPhoneSimulator
		Release|Any CPU = Release|Any CPU
		Release|iPhone = Release|iPhone
		Release|iPhoneSimulator = Release|iPhoneSimulator
	EndGlobalSection
	GlobalSection(ProjectConfigurationPlatforms) = postSolution
		{3553DFFC-E5CF-42DC-B35F-54A2D00CD241}.Debug|Any CPU.ActiveCfg = Debug|Any CPU
		{3553DFFC-E5CF-42DC-B35F-54A2D00CD241}.Debug|Any CPU.Build.0 = Debug|Any CPU
		{3553DFFC-E5CF-42DC-B35F-54A2D00CD241}.Debug|iPhone.ActiveCfg = Debug|Any CPU
		{3553DFFC-E5CF-42DC-B35F-54A2D00CD241}.Debug|iPhone.Build.0 = Debug|Any CPU
		{3553DFFC-E5CF-42DC-B35F-54A2D00CD241}.Debug|iPhoneSimulator.ActiveCfg = Debug|Any CPU
		{3553DFFC-E5CF-42DC-B35F-54A2D00CD241}.Debug|iPhoneSimulator.Build.0 = Debug|Any CPU
		{3553DFFC-E5CF-42DC-B35F-54A2D00CD241}.Release|Any CPU.ActiveCfg = Release|Any CPU
		{3553DFFC-E5CF-42DC-B35F-54A2D00CD241}.Release|Any CPU.Build.0 = Release|Any CPU
		{3553DFFC-E5CF-42DC-B35F-54A2D00CD241}.Release|iPhone.ActiveCfg = Release|Any CPU
		{3553DFFC-E5CF-42DC-B35F-54A2D00CD241}.Release|iPhone.Build.0 = Release|Any CPU
		{3553DFFC-E5CF-42DC-B35F-54A2D00CD241}.Release|iPhoneSimulator.ActiveCfg = Release|Any CPU
		{3553DFFC-E5CF-42DC-B35F-54A2D00CD241}.Release|iPhoneSimulator.Build.0 = Release|Any CPU
		{2EC75A0D-EA3E-4BED-ACE2-E02A89BA30B5}.Debug|Any CPU.ActiveCfg = Debug|Any CPU
		{2EC75A0D-EA3E-4BED-ACE2-E02A89BA30B5}.Debug|Any CPU.Build.0 = Debug|Any CPU
		{2EC75A0D-EA3E-4BED-ACE2-E02A89BA30B5}.Debug|iPhone.ActiveCfg = Debug|Any CPU
		{2EC75A0D-EA3E-4BED-ACE2-E02A89BA30B5}.Debug|iPhone.Build.0 = Debug|Any CPU
		{2EC75A0D-EA3E-4BED-ACE2-E02A89BA30B5}.Debug|iPhoneSimulator.ActiveCfg = Debug|Any CPU
		{2EC75A0D-EA3E-4BED-ACE2-E02A89BA30B5}.Debug|iPhoneSimulator.Build.0 = Debug|Any CPU
		{2EC75A0D-EA3E-4BED-ACE2-E02A89BA30B5}.Release|Any CPU.ActiveCfg = Release|Any CPU
		{2EC75A0D-EA3E-4BED-ACE2-E02A89BA30B5}.Release|Any CPU.Build.0 = Release|Any CPU
		{2EC75A0D-EA3E-4BED-ACE2-E02A89BA30B5}.Release|iPhone.ActiveCfg = Release|Any CPU
		{2EC75A0D-EA3E-4BED-ACE2-E02A89BA30B5}.Release|iPhone.Build.0 = Release|Any CPU
		{2EC75A0D-EA3E-4BED-ACE2-E02A89BA30B5}.Release|iPhoneSimulator.ActiveCfg = Release|Any CPU
		{2EC75A0D-EA3E-4BED-ACE2-E02A89BA30B5}.Release|iPhoneSimulator.Build.0 = Release|Any CPU
		{17D190DF-08B9-4BCD-B839-727FFC3587F2}.Debug|Any CPU.ActiveCfg = Debug|Any CPU
		{17D190DF-08B9-4BCD-B839-727FFC3587F2}.Debug|Any CPU.Build.0 = Debug|Any CPU
		{17D190DF-08B9-4BCD-B839-727FFC3587F2}.Debug|iPhone.ActiveCfg = Debug|Any CPU
		{17D190DF-08B9-4BCD-B839-727FFC3587F2}.Debug|iPhone.Build.0 = Debug|Any CPU
		{17D190DF-08B9-4BCD-B839-727FFC3587F2}.Debug|iPhoneSimulator.ActiveCfg = Debug|Any CPU
		{17D190DF-08B9-4BCD-B839-727FFC3587F2}.Debug|iPhoneSimulator.Build.0 = Debug|Any CPU
		{17D190DF-08B9-4BCD-B839-727FFC3587F2}.Release|Any CPU.ActiveCfg = Release|Any CPU
		{17D190DF-08B9-4BCD-B839-727FFC3587F2}.Release|Any CPU.Build.0 = Release|Any CPU
		{17D190DF-08B9-4BCD-B839-727FFC3587F2}.Release|iPhone.ActiveCfg = Release|Any CPU
		{17D190DF-08B9-4BCD-B839-727FFC3587F2}.Release|iPhone.Build.0 = Release|Any CPU
		{17D190DF-08B9-4BCD-B839-727FFC3587F2}.Release|iPhoneSimulator.ActiveCfg = Release|Any CPU
		{17D190DF-08B9-4BCD-B839-727FFC3587F2}.Release|iPhoneSimulator.Build.0 = Release|Any CPU
		{7CC48FE4-A18D-4980-81A2-8E03A3FF47F2}.Debug|Any CPU.ActiveCfg = Debug|Any CPU
		{7CC48FE4-A18D-4980-81A2-8E03A3FF47F2}.Debug|Any CPU.Build.0 = Debug|Any CPU
		{7CC48FE4-A18D-4980-81A2-8E03A3FF47F2}.Debug|iPhone.ActiveCfg = Debug|Any CPU
		{7CC48FE4-A18D-4980-81A2-8E03A3FF47F2}.Debug|iPhone.Build.0 = Debug|Any CPU
		{7CC48FE4-A18D-4980-81A2-8E03A3FF47F2}.Debug|iPhoneSimulator.ActiveCfg = Debug|Any CPU
		{7CC48FE4-A18D-4980-81A2-8E03A3FF47F2}.Debug|iPhoneSimulator.Build.0 = Debug|Any CPU
		{7CC48FE4-A18D-4980-81A2-8E03A3FF47F2}.Release|Any CPU.ActiveCfg = Release|Any CPU
		{7CC48FE4-A18D-4980-81A2-8E03A3FF47F2}.Release|Any CPU.Build.0 = Release|Any CPU
		{7CC48FE4-A18D-4980-81A2-8E03A3FF47F2}.Release|iPhone.ActiveCfg = Release|Any CPU
		{7CC48FE4-A18D-4980-81A2-8E03A3FF47F2}.Release|iPhone.Build.0 = Release|Any CPU
		{7CC48FE4-A18D-4980-81A2-8E03A3FF47F2}.Release|iPhoneSimulator.ActiveCfg = Release|Any CPU
		{7CC48FE4-A18D-4980-81A2-8E03A3FF47F2}.Release|iPhoneSimulator.Build.0 = Release|Any CPU
		{EA8EB757-F4CC-4826-9DC4-CC9773E1AF47}.Debug|Any CPU.ActiveCfg = Debug|Any CPU
		{EA8EB757-F4CC-4826-9DC4-CC9773E1AF47}.Debug|Any CPU.Build.0 = Debug|Any CPU
		{EA8EB757-F4CC-4826-9DC4-CC9773E1AF47}.Debug|iPhone.ActiveCfg = Debug|Any CPU
		{EA8EB757-F4CC-4826-9DC4-CC9773E1AF47}.Debug|iPhone.Build.0 = Debug|Any CPU
		{EA8EB757-F4CC-4826-9DC4-CC9773E1AF47}.Debug|iPhoneSimulator.ActiveCfg = Debug|Any CPU
		{EA8EB757-F4CC-4826-9DC4-CC9773E1AF47}.Debug|iPhoneSimulator.Build.0 = Debug|Any CPU
		{EA8EB757-F4CC-4826-9DC4-CC9773E1AF47}.Release|Any CPU.ActiveCfg = Release|Any CPU
		{EA8EB757-F4CC-4826-9DC4-CC9773E1AF47}.Release|Any CPU.Build.0 = Release|Any CPU
		{EA8EB757-F4CC-4826-9DC4-CC9773E1AF47}.Release|iPhone.ActiveCfg = Release|Any CPU
		{EA8EB757-F4CC-4826-9DC4-CC9773E1AF47}.Release|iPhone.Build.0 = Release|Any CPU
		{EA8EB757-F4CC-4826-9DC4-CC9773E1AF47}.Release|iPhoneSimulator.ActiveCfg = Release|Any CPU
		{EA8EB757-F4CC-4826-9DC4-CC9773E1AF47}.Release|iPhoneSimulator.Build.0 = Release|Any CPU
		{EAD87252-0D10-4CDF-97C1-0D0029D38759}.Debug|Any CPU.ActiveCfg = Debug|Any CPU
		{EAD87252-0D10-4CDF-97C1-0D0029D38759}.Debug|Any CPU.Build.0 = Debug|Any CPU
		{EAD87252-0D10-4CDF-97C1-0D0029D38759}.Debug|iPhone.ActiveCfg = Debug|Any CPU
		{EAD87252-0D10-4CDF-97C1-0D0029D38759}.Debug|iPhone.Build.0 = Debug|Any CPU
		{EAD87252-0D10-4CDF-97C1-0D0029D38759}.Debug|iPhoneSimulator.ActiveCfg = Debug|Any CPU
		{EAD87252-0D10-4CDF-97C1-0D0029D38759}.Debug|iPhoneSimulator.Build.0 = Debug|Any CPU
		{EAD87252-0D10-4CDF-97C1-0D0029D38759}.Release|Any CPU.ActiveCfg = Release|Any CPU
		{EAD87252-0D10-4CDF-97C1-0D0029D38759}.Release|Any CPU.Build.0 = Release|Any CPU
		{EAD87252-0D10-4CDF-97C1-0D0029D38759}.Release|iPhone.ActiveCfg = Release|Any CPU
		{EAD87252-0D10-4CDF-97C1-0D0029D38759}.Release|iPhone.Build.0 = Release|Any CPU
		{EAD87252-0D10-4CDF-97C1-0D0029D38759}.Release|iPhoneSimulator.ActiveCfg = Release|Any CPU
		{EAD87252-0D10-4CDF-97C1-0D0029D38759}.Release|iPhoneSimulator.Build.0 = Release|Any CPU
		{67A94163-3F70-45DC-A017-4B8B6750F6C2}.Debug|Any CPU.ActiveCfg = Debug|Any CPU
		{67A94163-3F70-45DC-A017-4B8B6750F6C2}.Debug|Any CPU.Build.0 = Debug|Any CPU
		{67A94163-3F70-45DC-A017-4B8B6750F6C2}.Debug|iPhone.ActiveCfg = Debug|Any CPU
		{67A94163-3F70-45DC-A017-4B8B6750F6C2}.Debug|iPhone.Build.0 = Debug|Any CPU
		{67A94163-3F70-45DC-A017-4B8B6750F6C2}.Debug|iPhoneSimulator.ActiveCfg = Debug|Any CPU
		{67A94163-3F70-45DC-A017-4B8B6750F6C2}.Debug|iPhoneSimulator.Build.0 = Debug|Any CPU
		{67A94163-3F70-45DC-A017-4B8B6750F6C2}.Release|Any CPU.ActiveCfg = Release|Any CPU
		{67A94163-3F70-45DC-A017-4B8B6750F6C2}.Release|Any CPU.Build.0 = Release|Any CPU
		{67A94163-3F70-45DC-A017-4B8B6750F6C2}.Release|iPhone.ActiveCfg = Release|Any CPU
		{67A94163-3F70-45DC-A017-4B8B6750F6C2}.Release|iPhone.Build.0 = Release|Any CPU
		{67A94163-3F70-45DC-A017-4B8B6750F6C2}.Release|iPhoneSimulator.ActiveCfg = Release|Any CPU
		{67A94163-3F70-45DC-A017-4B8B6750F6C2}.Release|iPhoneSimulator.Build.0 = Release|Any CPU
		{36EE7A3E-47B8-4A54-B3D0-6D4AD3F4CC41}.Debug|Any CPU.ActiveCfg = Debug|Any CPU
		{36EE7A3E-47B8-4A54-B3D0-6D4AD3F4CC41}.Debug|Any CPU.Build.0 = Debug|Any CPU
		{36EE7A3E-47B8-4A54-B3D0-6D4AD3F4CC41}.Debug|iPhone.ActiveCfg = Debug|Any CPU
		{36EE7A3E-47B8-4A54-B3D0-6D4AD3F4CC41}.Debug|iPhone.Build.0 = Debug|Any CPU
		{36EE7A3E-47B8-4A54-B3D0-6D4AD3F4CC41}.Debug|iPhoneSimulator.ActiveCfg = Debug|Any CPU
		{36EE7A3E-47B8-4A54-B3D0-6D4AD3F4CC41}.Debug|iPhoneSimulator.Build.0 = Debug|Any CPU
		{36EE7A3E-47B8-4A54-B3D0-6D4AD3F4CC41}.Release|Any CPU.ActiveCfg = Release|Any CPU
		{36EE7A3E-47B8-4A54-B3D0-6D4AD3F4CC41}.Release|Any CPU.Build.0 = Release|Any CPU
		{36EE7A3E-47B8-4A54-B3D0-6D4AD3F4CC41}.Release|iPhone.ActiveCfg = Release|Any CPU
		{36EE7A3E-47B8-4A54-B3D0-6D4AD3F4CC41}.Release|iPhone.Build.0 = Release|Any CPU
		{36EE7A3E-47B8-4A54-B3D0-6D4AD3F4CC41}.Release|iPhoneSimulator.ActiveCfg = Release|Any CPU
		{36EE7A3E-47B8-4A54-B3D0-6D4AD3F4CC41}.Release|iPhoneSimulator.Build.0 = Release|Any CPU
		{145C7E11-D398-4398-835A-2AE25A1E373D}.Debug|Any CPU.ActiveCfg = Debug|Any CPU
		{145C7E11-D398-4398-835A-2AE25A1E373D}.Debug|Any CPU.Build.0 = Debug|Any CPU
		{145C7E11-D398-4398-835A-2AE25A1E373D}.Debug|iPhone.ActiveCfg = Debug|Any CPU
		{145C7E11-D398-4398-835A-2AE25A1E373D}.Debug|iPhone.Build.0 = Debug|Any CPU
		{145C7E11-D398-4398-835A-2AE25A1E373D}.Debug|iPhoneSimulator.ActiveCfg = Debug|Any CPU
		{145C7E11-D398-4398-835A-2AE25A1E373D}.Debug|iPhoneSimulator.Build.0 = Debug|Any CPU
		{145C7E11-D398-4398-835A-2AE25A1E373D}.Release|Any CPU.ActiveCfg = Release|Any CPU
		{145C7E11-D398-4398-835A-2AE25A1E373D}.Release|Any CPU.Build.0 = Release|Any CPU
		{145C7E11-D398-4398-835A-2AE25A1E373D}.Release|iPhone.ActiveCfg = Release|Any CPU
		{145C7E11-D398-4398-835A-2AE25A1E373D}.Release|iPhone.Build.0 = Release|Any CPU
		{145C7E11-D398-4398-835A-2AE25A1E373D}.Release|iPhoneSimulator.ActiveCfg = Release|Any CPU
		{145C7E11-D398-4398-835A-2AE25A1E373D}.Release|iPhoneSimulator.Build.0 = Release|Any CPU
		{F15A48C6-B47C-4245-A3F8-964FEE09A42D}.Debug|Any CPU.ActiveCfg = Debug|Any CPU
		{F15A48C6-B47C-4245-A3F8-964FEE09A42D}.Debug|Any CPU.Build.0 = Debug|Any CPU
		{F15A48C6-B47C-4245-A3F8-964FEE09A42D}.Debug|iPhone.ActiveCfg = Debug|Any CPU
		{F15A48C6-B47C-4245-A3F8-964FEE09A42D}.Debug|iPhone.Build.0 = Debug|Any CPU
		{F15A48C6-B47C-4245-A3F8-964FEE09A42D}.Debug|iPhoneSimulator.ActiveCfg = Debug|Any CPU
		{F15A48C6-B47C-4245-A3F8-964FEE09A42D}.Debug|iPhoneSimulator.Build.0 = Debug|Any CPU
		{F15A48C6-B47C-4245-A3F8-964FEE09A42D}.Release|Any CPU.ActiveCfg = Release|Any CPU
		{F15A48C6-B47C-4245-A3F8-964FEE09A42D}.Release|Any CPU.Build.0 = Release|Any CPU
		{F15A48C6-B47C-4245-A3F8-964FEE09A42D}.Release|iPhone.ActiveCfg = Release|Any CPU
		{F15A48C6-B47C-4245-A3F8-964FEE09A42D}.Release|iPhone.Build.0 = Release|Any CPU
		{F15A48C6-B47C-4245-A3F8-964FEE09A42D}.Release|iPhoneSimulator.ActiveCfg = Release|Any CPU
		{F15A48C6-B47C-4245-A3F8-964FEE09A42D}.Release|iPhoneSimulator.Build.0 = Release|Any CPU
		{1D70197D-59F1-458A-903E-A17396F66A05}.Debug|Any CPU.ActiveCfg = Debug|Any CPU
		{1D70197D-59F1-458A-903E-A17396F66A05}.Debug|Any CPU.Build.0 = Debug|Any CPU
		{1D70197D-59F1-458A-903E-A17396F66A05}.Debug|iPhone.ActiveCfg = Debug|Any CPU
		{1D70197D-59F1-458A-903E-A17396F66A05}.Debug|iPhone.Build.0 = Debug|Any CPU
		{1D70197D-59F1-458A-903E-A17396F66A05}.Debug|iPhoneSimulator.ActiveCfg = Debug|Any CPU
		{1D70197D-59F1-458A-903E-A17396F66A05}.Debug|iPhoneSimulator.Build.0 = Debug|Any CPU
		{1D70197D-59F1-458A-903E-A17396F66A05}.Release|Any CPU.ActiveCfg = Release|Any CPU
		{1D70197D-59F1-458A-903E-A17396F66A05}.Release|Any CPU.Build.0 = Release|Any CPU
		{1D70197D-59F1-458A-903E-A17396F66A05}.Release|iPhone.ActiveCfg = Release|Any CPU
		{1D70197D-59F1-458A-903E-A17396F66A05}.Release|iPhone.Build.0 = Release|Any CPU
		{1D70197D-59F1-458A-903E-A17396F66A05}.Release|iPhoneSimulator.ActiveCfg = Release|Any CPU
		{1D70197D-59F1-458A-903E-A17396F66A05}.Release|iPhoneSimulator.Build.0 = Release|Any CPU
		{C560C153-180C-4CE1-ACDE-5783EE357314}.Debug|Any CPU.ActiveCfg = Debug|Any CPU
		{C560C153-180C-4CE1-ACDE-5783EE357314}.Debug|Any CPU.Build.0 = Debug|Any CPU
		{C560C153-180C-4CE1-ACDE-5783EE357314}.Debug|iPhone.ActiveCfg = Debug|Any CPU
		{C560C153-180C-4CE1-ACDE-5783EE357314}.Debug|iPhone.Build.0 = Debug|Any CPU
		{C560C153-180C-4CE1-ACDE-5783EE357314}.Debug|iPhoneSimulator.ActiveCfg = Debug|Any CPU
		{C560C153-180C-4CE1-ACDE-5783EE357314}.Debug|iPhoneSimulator.Build.0 = Debug|Any CPU
		{C560C153-180C-4CE1-ACDE-5783EE357314}.Release|Any CPU.ActiveCfg = Release|Any CPU
		{C560C153-180C-4CE1-ACDE-5783EE357314}.Release|Any CPU.Build.0 = Release|Any CPU
		{C560C153-180C-4CE1-ACDE-5783EE357314}.Release|iPhone.ActiveCfg = Release|Any CPU
		{C560C153-180C-4CE1-ACDE-5783EE357314}.Release|iPhone.Build.0 = Release|Any CPU
		{C560C153-180C-4CE1-ACDE-5783EE357314}.Release|iPhoneSimulator.ActiveCfg = Release|Any CPU
		{C560C153-180C-4CE1-ACDE-5783EE357314}.Release|iPhoneSimulator.Build.0 = Release|Any CPU
		{5FF8CC77-EA18-4F2C-915D-59263BD94817}.Debug|Any CPU.ActiveCfg = Debug|Any CPU
		{5FF8CC77-EA18-4F2C-915D-59263BD94817}.Debug|Any CPU.Build.0 = Debug|Any CPU
		{5FF8CC77-EA18-4F2C-915D-59263BD94817}.Debug|iPhone.ActiveCfg = Debug|Any CPU
		{5FF8CC77-EA18-4F2C-915D-59263BD94817}.Debug|iPhone.Build.0 = Debug|Any CPU
		{5FF8CC77-EA18-4F2C-915D-59263BD94817}.Debug|iPhoneSimulator.ActiveCfg = Debug|Any CPU
		{5FF8CC77-EA18-4F2C-915D-59263BD94817}.Debug|iPhoneSimulator.Build.0 = Debug|Any CPU
		{5FF8CC77-EA18-4F2C-915D-59263BD94817}.Release|Any CPU.ActiveCfg = Release|Any CPU
		{5FF8CC77-EA18-4F2C-915D-59263BD94817}.Release|Any CPU.Build.0 = Release|Any CPU
		{5FF8CC77-EA18-4F2C-915D-59263BD94817}.Release|iPhone.ActiveCfg = Release|Any CPU
		{5FF8CC77-EA18-4F2C-915D-59263BD94817}.Release|iPhone.Build.0 = Release|Any CPU
		{5FF8CC77-EA18-4F2C-915D-59263BD94817}.Release|iPhoneSimulator.ActiveCfg = Release|Any CPU
		{5FF8CC77-EA18-4F2C-915D-59263BD94817}.Release|iPhoneSimulator.Build.0 = Release|Any CPU
		{F7BB0282-93DF-491B-9D83-EB3DA637CD07}.Debug|Any CPU.ActiveCfg = Debug|Any CPU
		{F7BB0282-93DF-491B-9D83-EB3DA637CD07}.Debug|Any CPU.Build.0 = Debug|Any CPU
		{F7BB0282-93DF-491B-9D83-EB3DA637CD07}.Debug|iPhone.ActiveCfg = Debug|Any CPU
		{F7BB0282-93DF-491B-9D83-EB3DA637CD07}.Debug|iPhone.Build.0 = Debug|Any CPU
		{F7BB0282-93DF-491B-9D83-EB3DA637CD07}.Debug|iPhoneSimulator.ActiveCfg = Debug|Any CPU
		{F7BB0282-93DF-491B-9D83-EB3DA637CD07}.Debug|iPhoneSimulator.Build.0 = Debug|Any CPU
		{F7BB0282-93DF-491B-9D83-EB3DA637CD07}.Release|Any CPU.ActiveCfg = Release|Any CPU
		{F7BB0282-93DF-491B-9D83-EB3DA637CD07}.Release|Any CPU.Build.0 = Release|Any CPU
		{F7BB0282-93DF-491B-9D83-EB3DA637CD07}.Release|iPhone.ActiveCfg = Release|Any CPU
		{F7BB0282-93DF-491B-9D83-EB3DA637CD07}.Release|iPhone.Build.0 = Release|Any CPU
		{F7BB0282-93DF-491B-9D83-EB3DA637CD07}.Release|iPhoneSimulator.ActiveCfg = Release|Any CPU
		{F7BB0282-93DF-491B-9D83-EB3DA637CD07}.Release|iPhoneSimulator.Build.0 = Release|Any CPU
		{E0E7C2D5-111D-4027-9D6D-FBAB78AC3DF3}.Debug|Any CPU.ActiveCfg = Debug|Any CPU
		{E0E7C2D5-111D-4027-9D6D-FBAB78AC3DF3}.Debug|Any CPU.Build.0 = Debug|Any CPU
		{E0E7C2D5-111D-4027-9D6D-FBAB78AC3DF3}.Debug|iPhone.ActiveCfg = Debug|Any CPU
		{E0E7C2D5-111D-4027-9D6D-FBAB78AC3DF3}.Debug|iPhone.Build.0 = Debug|Any CPU
		{E0E7C2D5-111D-4027-9D6D-FBAB78AC3DF3}.Debug|iPhoneSimulator.ActiveCfg = Debug|Any CPU
		{E0E7C2D5-111D-4027-9D6D-FBAB78AC3DF3}.Debug|iPhoneSimulator.Build.0 = Debug|Any CPU
		{E0E7C2D5-111D-4027-9D6D-FBAB78AC3DF3}.Release|Any CPU.ActiveCfg = Release|Any CPU
		{E0E7C2D5-111D-4027-9D6D-FBAB78AC3DF3}.Release|Any CPU.Build.0 = Release|Any CPU
		{E0E7C2D5-111D-4027-9D6D-FBAB78AC3DF3}.Release|iPhone.ActiveCfg = Release|Any CPU
		{E0E7C2D5-111D-4027-9D6D-FBAB78AC3DF3}.Release|iPhone.Build.0 = Release|Any CPU
		{E0E7C2D5-111D-4027-9D6D-FBAB78AC3DF3}.Release|iPhoneSimulator.ActiveCfg = Release|Any CPU
		{E0E7C2D5-111D-4027-9D6D-FBAB78AC3DF3}.Release|iPhoneSimulator.Build.0 = Release|Any CPU
		{B3297A80-BA04-4FF5-A6E5-9A15575AE293}.Debug|Any CPU.ActiveCfg = Debug|Any CPU
		{B3297A80-BA04-4FF5-A6E5-9A15575AE293}.Debug|Any CPU.Build.0 = Debug|Any CPU
		{B3297A80-BA04-4FF5-A6E5-9A15575AE293}.Debug|iPhone.ActiveCfg = Debug|Any CPU
		{B3297A80-BA04-4FF5-A6E5-9A15575AE293}.Debug|iPhone.Build.0 = Debug|Any CPU
		{B3297A80-BA04-4FF5-A6E5-9A15575AE293}.Debug|iPhoneSimulator.ActiveCfg = Debug|Any CPU
		{B3297A80-BA04-4FF5-A6E5-9A15575AE293}.Debug|iPhoneSimulator.Build.0 = Debug|Any CPU
		{B3297A80-BA04-4FF5-A6E5-9A15575AE293}.Release|Any CPU.ActiveCfg = Release|Any CPU
		{B3297A80-BA04-4FF5-A6E5-9A15575AE293}.Release|Any CPU.Build.0 = Release|Any CPU
		{B3297A80-BA04-4FF5-A6E5-9A15575AE293}.Release|iPhone.ActiveCfg = Release|Any CPU
		{B3297A80-BA04-4FF5-A6E5-9A15575AE293}.Release|iPhone.Build.0 = Release|Any CPU
		{B3297A80-BA04-4FF5-A6E5-9A15575AE293}.Release|iPhoneSimulator.ActiveCfg = Release|Any CPU
		{B3297A80-BA04-4FF5-A6E5-9A15575AE293}.Release|iPhoneSimulator.Build.0 = Release|Any CPU
		{049F413C-7BC4-421B-801D-9B5AB53D0022}.Debug|Any CPU.ActiveCfg = Debug|iPhoneSimulator
		{049F413C-7BC4-421B-801D-9B5AB53D0022}.Debug|Any CPU.Build.0 = Debug|iPhoneSimulator
		{049F413C-7BC4-421B-801D-9B5AB53D0022}.Debug|iPhone.ActiveCfg = Debug|iPhone
		{049F413C-7BC4-421B-801D-9B5AB53D0022}.Debug|iPhone.Build.0 = Debug|iPhone
		{049F413C-7BC4-421B-801D-9B5AB53D0022}.Debug|iPhoneSimulator.ActiveCfg = Debug|iPhoneSimulator
		{049F413C-7BC4-421B-801D-9B5AB53D0022}.Debug|iPhoneSimulator.Build.0 = Debug|iPhoneSimulator
		{049F413C-7BC4-421B-801D-9B5AB53D0022}.Release|Any CPU.ActiveCfg = Release|iPhoneSimulator
		{049F413C-7BC4-421B-801D-9B5AB53D0022}.Release|Any CPU.Build.0 = Release|iPhoneSimulator
		{049F413C-7BC4-421B-801D-9B5AB53D0022}.Release|iPhone.ActiveCfg = Release|iPhone
		{049F413C-7BC4-421B-801D-9B5AB53D0022}.Release|iPhone.Build.0 = Release|iPhone
		{049F413C-7BC4-421B-801D-9B5AB53D0022}.Release|iPhoneSimulator.ActiveCfg = Release|iPhoneSimulator
		{049F413C-7BC4-421B-801D-9B5AB53D0022}.Release|iPhoneSimulator.Build.0 = Release|iPhoneSimulator
		{DE60DA70-889F-4819-857F-29D47A114788}.Debug|Any CPU.ActiveCfg = Debug|Any CPU
		{DE60DA70-889F-4819-857F-29D47A114788}.Debug|Any CPU.Build.0 = Debug|Any CPU
		{DE60DA70-889F-4819-857F-29D47A114788}.Debug|Any CPU.Deploy.0 = Debug|Any CPU
		{DE60DA70-889F-4819-857F-29D47A114788}.Debug|iPhone.ActiveCfg = Debug|Any CPU
		{DE60DA70-889F-4819-857F-29D47A114788}.Debug|iPhone.Build.0 = Debug|Any CPU
		{DE60DA70-889F-4819-857F-29D47A114788}.Debug|iPhone.Deploy.0 = Debug|Any CPU
		{DE60DA70-889F-4819-857F-29D47A114788}.Debug|iPhoneSimulator.ActiveCfg = Debug|Any CPU
		{DE60DA70-889F-4819-857F-29D47A114788}.Debug|iPhoneSimulator.Build.0 = Debug|Any CPU
		{DE60DA70-889F-4819-857F-29D47A114788}.Debug|iPhoneSimulator.Deploy.0 = Debug|Any CPU
		{DE60DA70-889F-4819-857F-29D47A114788}.Release|Any CPU.ActiveCfg = Release|Any CPU
		{DE60DA70-889F-4819-857F-29D47A114788}.Release|Any CPU.Build.0 = Release|Any CPU
		{DE60DA70-889F-4819-857F-29D47A114788}.Release|Any CPU.Deploy.0 = Release|Any CPU
		{DE60DA70-889F-4819-857F-29D47A114788}.Release|iPhone.ActiveCfg = Release|Any CPU
		{DE60DA70-889F-4819-857F-29D47A114788}.Release|iPhone.Build.0 = Release|Any CPU
		{DE60DA70-889F-4819-857F-29D47A114788}.Release|iPhone.Deploy.0 = Release|Any CPU
		{DE60DA70-889F-4819-857F-29D47A114788}.Release|iPhoneSimulator.ActiveCfg = Release|Any CPU
		{DE60DA70-889F-4819-857F-29D47A114788}.Release|iPhoneSimulator.Build.0 = Release|Any CPU
		{DE60DA70-889F-4819-857F-29D47A114788}.Release|iPhoneSimulator.Deploy.0 = Release|Any CPU
	EndGlobalSection
	GlobalSection(SolutionProperties) = preSolution
		HideSolutionNode = FALSE
	EndGlobalSection
	GlobalSection(NestedProjects) = preSolution
		{3553DFFC-E5CF-42DC-B35F-54A2D00CD241} = {8B31ACF0-86B8-4208-A054-940EA9378C1D}
		{2EC75A0D-EA3E-4BED-ACE2-E02A89BA30B5} = {8B31ACF0-86B8-4208-A054-940EA9378C1D}
		{17D190DF-08B9-4BCD-B839-727FFC3587F2} = {C079828E-C618-4B92-8D22-9E286426C5F6}
		{7CC48FE4-A18D-4980-81A2-8E03A3FF47F2} = {109FDCE7-7624-4A44-8BBD-4CA986C7A1D7}
		{EA8EB757-F4CC-4826-9DC4-CC9773E1AF47} = {CB07DEE0-7625-45A5-9452-2C5A5946DC96}
		{EAD87252-0D10-4CDF-97C1-0D0029D38759} = {109FDCE7-7624-4A44-8BBD-4CA986C7A1D7}
		{67A94163-3F70-45DC-A017-4B8B6750F6C2} = {CB07DEE0-7625-45A5-9452-2C5A5946DC96}
		{36EE7A3E-47B8-4A54-B3D0-6D4AD3F4CC41} = {CB07DEE0-7625-45A5-9452-2C5A5946DC96}
		{145C7E11-D398-4398-835A-2AE25A1E373D} = {109FDCE7-7624-4A44-8BBD-4CA986C7A1D7}
		{F15A48C6-B47C-4245-A3F8-964FEE09A42D} = {8B31ACF0-86B8-4208-A054-940EA9378C1D}
		{C560C153-180C-4CE1-ACDE-5783EE357314} = {CB07DEE0-7625-45A5-9452-2C5A5946DC96}
		{5FF8CC77-EA18-4F2C-915D-59263BD94817} = {8B31ACF0-86B8-4208-A054-940EA9378C1D}
		{F7BB0282-93DF-491B-9D83-EB3DA637CD07} = {8B31ACF0-86B8-4208-A054-940EA9378C1D}
		{E0E7C2D5-111D-4027-9D6D-FBAB78AC3DF3} = {8B31ACF0-86B8-4208-A054-940EA9378C1D}
		{B3297A80-BA04-4FF5-A6E5-9A15575AE293} = {C079828E-C618-4B92-8D22-9E286426C5F6}
		{049F413C-7BC4-421B-801D-9B5AB53D0022} = {C079828E-C618-4B92-8D22-9E286426C5F6}
		{DE60DA70-889F-4819-857F-29D47A114788} = {C079828E-C618-4B92-8D22-9E286426C5F6}
	EndGlobalSection
	GlobalSection(ExtensibilityGlobals) = postSolution
		SolutionGuid = {97760152-ADDA-421F-9345-9C7825A99FB7}
	EndGlobalSection
EndGlobal
