
Microsoft Visual Studio Solution File, Format Version 12.00
# Visual Studio Version 17
VisualStudioVersion = 17.1.31903.286
MinimumVisualStudioVersion = 10.0.40219.1
Project("{2150E333-8FDC-42A3-9474-1A3956D46DE8}") = "Solution Items", "Solution Items", "{C2DBA370-CD54-4F74-A99E-90D48DCBD708}"
	ProjectSection(SolutionItems) = preProject
		src\global.json = src\global.json
		readme.md = readme.md
		rundocs.ps1 = rundocs.ps1
	EndProjectSection
EndProject
Project("{9A19103F-16F7-4668-BE54-9A1E7A4F7556}") = "SampleWeb", "samples\SampleWeb\SampleWeb.csproj", "{17D190DF-08B9-4BCD-B839-727FFC3587F2}"
EndProject
Project("{2150E333-8FDC-42A3-9474-1A3956D46DE8}") = "Push", "Push", "{8B31ACF0-86B8-4208-A054-940EA9378C1D}"
	ProjectSection(SolutionItems) = preProject
		db\push_tables.sql = db\push_tables.sql
	EndProjectSection
EndProject
Project("{2150E333-8FDC-42A3-9474-1A3956D46DE8}") = "Mail", "Mail", "{109FDCE7-7624-4A44-8BBD-4CA986C7A1D7}"
	ProjectSection(SolutionItems) = preProject
		db\mail_table.sql = db\mail_table.sql
	EndProjectSection
EndProject
Project("{2150E333-8FDC-42A3-9474-1A3956D46DE8}") = "Samples", "Samples", "{C079828E-C618-4B92-8D22-9E286426C5F6}"
	ProjectSection(SolutionItems) = preProject
		samples\Directory.build.props = samples\Directory.build.props
	EndProjectSection
EndProject
Project("{9A19103F-16F7-4668-BE54-9A1E7A4F7556}") = "SampleMobile", "samples\SampleMobile\SampleMobile.csproj", "{B3297A80-BA04-4FF5-A6E5-9A15575AE293}"
EndProject
Project("{FAE04EC0-301F-11D3-BF4B-00C04F79EFBC}") = "SampleMobile.iOS", "samples\SampleMobile.iOS\SampleMobile.iOS.csproj", "{049F413C-7BC4-421B-801D-9B5AB53D0022}"
EndProject
Project("{FAE04EC0-301F-11D3-BF4B-00C04F79EFBC}") = "SampleMobile.Android", "samples\SampleMobile.Android\SampleMobile.Android.csproj", "{DE60DA70-889F-4819-857F-29D47A114788}"
EndProject
Project("{9A19103F-16F7-4668-BE54-9A1E7A4F7556}") = "SampleWeb.Contracts", "samples\SampleWeb.Contracts\SampleWeb.Contracts.csproj", "{4A560E33-9288-4FFD-924F-8D92DEE0E164}"
EndProject
Project("{2150E333-8FDC-42A3-9474-1A3956D46DE8}") = "lib", "lib", "{24C20221-23EA-427B-AAEB-5A5F475E7A78}"
	ProjectSection(SolutionItems) = preProject
		src\Directory.build.props = src\Directory.build.props
		src\nuget.png = src\nuget.png
		src\readme.txt = src\readme.txt
	EndProjectSection
EndProject
Project("{2150E333-8FDC-42A3-9474-1A3956D46DE8}") = "Build", "Build", "{651C11E3-BBFA-473C-BCFB-91FA22F6DD8A}"
	ProjectSection(SolutionItems) = preProject
		.github\workflows\build.yml = .github\workflows\build.yml
		.github\workflows\docs.yml = .github\workflows\docs.yml
	EndProjectSection
EndProject
Project("{2150E333-8FDC-42A3-9474-1A3956D46DE8}") = "github", "github", "{FBA41A83-81AC-41C6-A656-6F697E377B00}"
	ProjectSection(SolutionItems) = preProject
		.github\ISSUE_TEMPLATE\bug_report.yml = .github\ISSUE_TEMPLATE\bug_report.yml
		.github\CODE_OF_CONDUCT.md = .github\CODE_OF_CONDUCT.md
		.github\ISSUE_TEMPLATE\config.yml = .github\ISSUE_TEMPLATE\config.yml
		.github\CONTRIBUTING.md = .github\CONTRIBUTING.md
		.github\dependabot.yml = .github\dependabot.yml
		.github\ISSUE_TEMPLATE\feature_request.yml = .github\ISSUE_TEMPLATE\feature_request.yml
		.github\FUNDING.yml = .github\FUNDING.yml
		.github\workflows\lock.yml = .github\workflows\lock.yml
		.github\PULL_REQUEST_TEMPLATE.md = .github\PULL_REQUEST_TEMPLATE.md
		.github\workflows\sponsors.yml = .github\workflows\sponsors.yml
		.github\workflows\stale.yml = .github\workflows\stale.yml
	EndProjectSection
EndProject
Project("{2150E333-8FDC-42A3-9474-1A3956D46DE8}") = "Platforms", "Platforms", "{0F506B1F-B243-4B0C-9892-791A39ACEDD1}"
EndProject
Project("{9A19103F-16F7-4668-BE54-9A1E7A4F7556}") = "Shiny.Extensions.Mail.Abstractions", "src\Shiny.Extensions.Mail.Abstractions\Shiny.Extensions.Mail.Abstractions.csproj", "{1F3D6907-DD9A-458C-A6BC-A232D7213AFE}"
EndProject
Project("{9A19103F-16F7-4668-BE54-9A1E7A4F7556}") = "Shiny.Extensions.Mail", "src\Shiny.Extensions.Mail\Shiny.Extensions.Mail.csproj", "{7FF64E64-128A-465E-800D-60C2547C602B}"
EndProject
Project("{9A19103F-16F7-4668-BE54-9A1E7A4F7556}") = "Shiny.Extensions.Mail.Tests", "tests\Shiny.Extensions.Mail.Tests\Shiny.Extensions.Mail.Tests.csproj", "{E77C9155-95ED-4418-8129-4BDCC6BFE501}"
EndProject
Project("{9A19103F-16F7-4668-BE54-9A1E7A4F7556}") = "Shiny.Extensions.Push.Abstractions", "src\Shiny.Extensions.Push.Abstractions\Shiny.Extensions.Push.Abstractions.csproj", "{0579D360-C000-4EB1-B065-226340DFBBDE}"
EndProject
Project("{9A19103F-16F7-4668-BE54-9A1E7A4F7556}") = "Shiny.Extensions.Push.Ef", "src\Shiny.Extensions.Push.Ef\Shiny.Extensions.Push.Ef.csproj", "{9A69D37F-A7BA-4B6D-9044-9865AA5E2738}"
EndProject
Project("{9A19103F-16F7-4668-BE54-9A1E7A4F7556}") = "Shiny.Extensions.Push", "src\Shiny.Extensions.Push\Shiny.Extensions.Push.csproj", "{4D49EF5F-BBF5-4FEB-8EDE-EBDAAD685C04}"
EndProject
Project("{9A19103F-16F7-4668-BE54-9A1E7A4F7556}") = "ShinyApiBuild", "build\ShinyApiBuild.csproj", "{97519414-7330-44A9-B883-B7696A1B7231}"
EndProject
Project("{2150E333-8FDC-42A3-9474-1A3956D46DE8}") = "Localization", "Localization", "{6540A716-8851-4D2C-935F-0A787DA3ED78}"
	ProjectSection(SolutionItems) = preProject
		db\localization_table.sql = db\localization_table.sql
	EndProjectSection
EndProject
Project("{9A19103F-16F7-4668-BE54-9A1E7A4F7556}") = "Shiny.Extensions.Localization", "src\Shiny.Extensions.Localization\Shiny.Extensions.Localization.csproj", "{65B25406-EA97-45F1-BEBA-477322B0BA26}"
EndProject
Project("{9A19103F-16F7-4668-BE54-9A1E7A4F7556}") = "Shiny.Extensions.Localization.Tests", "tests\Shiny.Extensions.Localization.Tests\Shiny.Extensions.Localization.Tests.csproj", "{37BC3559-E588-417F-A5DB-6B23369BCBBB}"
EndProject
Project("{9A19103F-16F7-4668-BE54-9A1E7A4F7556}") = "Shiny.Extensions.Localization.SqlServer", "src\Shiny.Extensions.Localization.SqlServer\Shiny.Extensions.Localization.SqlServer.csproj", "{340F139F-7034-4416-BD6A-2F4770B68E41}"
EndProject
Project("{9A19103F-16F7-4668-BE54-9A1E7A4F7556}") = "Shiny.Extensions.Mail.StorageNet", "src\Shiny.Extensions.Mail.StorageNet\Shiny.Extensions.Mail.StorageNet.csproj", "{E57E68D0-37AE-4ED2-8C60-3A15FD66453E}"
EndProject
Project("{FAE04EC0-301F-11D3-BF4B-00C04F79EFBC}") = "Shiny.Extensions.Mail.DotLiquid", "src\Shiny.Extensions.Mail.DotLiquid\Shiny.Extensions.Mail.DotLiquid.csproj", "{E13A95DE-743F-4DFE-834F-2CAF80D2B20B}"
EndProject
Global
	GlobalSection(SolutionConfigurationPlatforms) = preSolution
		Debug|Any CPU = Debug|Any CPU
		Debug|iPhone = Debug|iPhone
		Debug|iPhoneSimulator = Debug|iPhoneSimulator
		Release|Any CPU = Release|Any CPU
		Release|iPhone = Release|iPhone
		Release|iPhoneSimulator = Release|iPhoneSimulator
	EndGlobalSection
	GlobalSection(ProjectConfigurationPlatforms) = postSolution
		{17D190DF-08B9-4BCD-B839-727FFC3587F2}.Debug|Any CPU.ActiveCfg = Debug|Any CPU
		{17D190DF-08B9-4BCD-B839-727FFC3587F2}.Debug|Any CPU.Build.0 = Debug|Any CPU
		{17D190DF-08B9-4BCD-B839-727FFC3587F2}.Debug|iPhone.ActiveCfg = Debug|Any CPU
		{17D190DF-08B9-4BCD-B839-727FFC3587F2}.Debug|iPhone.Build.0 = Debug|Any CPU
		{17D190DF-08B9-4BCD-B839-727FFC3587F2}.Debug|iPhoneSimulator.ActiveCfg = Debug|Any CPU
		{17D190DF-08B9-4BCD-B839-727FFC3587F2}.Debug|iPhoneSimulator.Build.0 = Debug|Any CPU
		{17D190DF-08B9-4BCD-B839-727FFC3587F2}.Release|Any CPU.ActiveCfg = Release|Any CPU
		{17D190DF-08B9-4BCD-B839-727FFC3587F2}.Release|Any CPU.Build.0 = Release|Any CPU
		{17D190DF-08B9-4BCD-B839-727FFC3587F2}.Release|iPhone.ActiveCfg = Release|Any CPU
		{17D190DF-08B9-4BCD-B839-727FFC3587F2}.Release|iPhone.Build.0 = Release|Any CPU
		{17D190DF-08B9-4BCD-B839-727FFC3587F2}.Release|iPhoneSimulator.ActiveCfg = Release|Any CPU
		{17D190DF-08B9-4BCD-B839-727FFC3587F2}.Release|iPhoneSimulator.Build.0 = Release|Any CPU
		{B3297A80-BA04-4FF5-A6E5-9A15575AE293}.Debug|Any CPU.ActiveCfg = Debug|Any CPU
		{B3297A80-BA04-4FF5-A6E5-9A15575AE293}.Debug|Any CPU.Build.0 = Debug|Any CPU
		{B3297A80-BA04-4FF5-A6E5-9A15575AE293}.Debug|iPhone.ActiveCfg = Debug|Any CPU
		{B3297A80-BA04-4FF5-A6E5-9A15575AE293}.Debug|iPhone.Build.0 = Debug|Any CPU
		{B3297A80-BA04-4FF5-A6E5-9A15575AE293}.Debug|iPhoneSimulator.ActiveCfg = Debug|Any CPU
		{B3297A80-BA04-4FF5-A6E5-9A15575AE293}.Debug|iPhoneSimulator.Build.0 = Debug|Any CPU
		{B3297A80-BA04-4FF5-A6E5-9A15575AE293}.Release|Any CPU.ActiveCfg = Release|Any CPU
		{B3297A80-BA04-4FF5-A6E5-9A15575AE293}.Release|Any CPU.Build.0 = Release|Any CPU
		{B3297A80-BA04-4FF5-A6E5-9A15575AE293}.Release|iPhone.ActiveCfg = Release|Any CPU
		{B3297A80-BA04-4FF5-A6E5-9A15575AE293}.Release|iPhone.Build.0 = Release|Any CPU
		{B3297A80-BA04-4FF5-A6E5-9A15575AE293}.Release|iPhoneSimulator.ActiveCfg = Release|Any CPU
		{B3297A80-BA04-4FF5-A6E5-9A15575AE293}.Release|iPhoneSimulator.Build.0 = Release|Any CPU
		{049F413C-7BC4-421B-801D-9B5AB53D0022}.Debug|Any CPU.ActiveCfg = Debug|iPhoneSimulator
		{049F413C-7BC4-421B-801D-9B5AB53D0022}.Debug|Any CPU.Build.0 = Debug|iPhoneSimulator
		{049F413C-7BC4-421B-801D-9B5AB53D0022}.Debug|iPhone.ActiveCfg = Debug|iPhone
		{049F413C-7BC4-421B-801D-9B5AB53D0022}.Debug|iPhone.Build.0 = Debug|iPhone
		{049F413C-7BC4-421B-801D-9B5AB53D0022}.Debug|iPhone.Deploy.0 = Debug|iPhone
		{049F413C-7BC4-421B-801D-9B5AB53D0022}.Debug|iPhoneSimulator.ActiveCfg = Debug|iPhoneSimulator
		{049F413C-7BC4-421B-801D-9B5AB53D0022}.Debug|iPhoneSimulator.Build.0 = Debug|iPhoneSimulator
		{049F413C-7BC4-421B-801D-9B5AB53D0022}.Release|Any CPU.ActiveCfg = Release|iPhoneSimulator
		{049F413C-7BC4-421B-801D-9B5AB53D0022}.Release|Any CPU.Build.0 = Release|iPhoneSimulator
		{049F413C-7BC4-421B-801D-9B5AB53D0022}.Release|iPhone.ActiveCfg = Release|iPhone
		{049F413C-7BC4-421B-801D-9B5AB53D0022}.Release|iPhone.Build.0 = Release|iPhone
		{049F413C-7BC4-421B-801D-9B5AB53D0022}.Release|iPhoneSimulator.ActiveCfg = Release|iPhoneSimulator
		{049F413C-7BC4-421B-801D-9B5AB53D0022}.Release|iPhoneSimulator.Build.0 = Release|iPhoneSimulator
		{DE60DA70-889F-4819-857F-29D47A114788}.Debug|Any CPU.ActiveCfg = Debug|Any CPU
		{DE60DA70-889F-4819-857F-29D47A114788}.Debug|Any CPU.Build.0 = Debug|Any CPU
		{DE60DA70-889F-4819-857F-29D47A114788}.Debug|Any CPU.Deploy.0 = Debug|Any CPU
		{DE60DA70-889F-4819-857F-29D47A114788}.Debug|iPhone.ActiveCfg = Debug|Any CPU
		{DE60DA70-889F-4819-857F-29D47A114788}.Debug|iPhone.Build.0 = Debug|Any CPU
		{DE60DA70-889F-4819-857F-29D47A114788}.Debug|iPhone.Deploy.0 = Debug|Any CPU
		{DE60DA70-889F-4819-857F-29D47A114788}.Debug|iPhoneSimulator.ActiveCfg = Debug|Any CPU
		{DE60DA70-889F-4819-857F-29D47A114788}.Debug|iPhoneSimulator.Build.0 = Debug|Any CPU
		{DE60DA70-889F-4819-857F-29D47A114788}.Debug|iPhoneSimulator.Deploy.0 = Debug|Any CPU
		{DE60DA70-889F-4819-857F-29D47A114788}.Release|Any CPU.ActiveCfg = Release|Any CPU
		{DE60DA70-889F-4819-857F-29D47A114788}.Release|Any CPU.Build.0 = Release|Any CPU
		{DE60DA70-889F-4819-857F-29D47A114788}.Release|Any CPU.Deploy.0 = Release|Any CPU
		{DE60DA70-889F-4819-857F-29D47A114788}.Release|iPhone.ActiveCfg = Release|Any CPU
		{DE60DA70-889F-4819-857F-29D47A114788}.Release|iPhone.Build.0 = Release|Any CPU
		{DE60DA70-889F-4819-857F-29D47A114788}.Release|iPhone.Deploy.0 = Release|Any CPU
		{DE60DA70-889F-4819-857F-29D47A114788}.Release|iPhoneSimulator.ActiveCfg = Release|Any CPU
		{DE60DA70-889F-4819-857F-29D47A114788}.Release|iPhoneSimulator.Build.0 = Release|Any CPU
		{DE60DA70-889F-4819-857F-29D47A114788}.Release|iPhoneSimulator.Deploy.0 = Release|Any CPU
		{4A560E33-9288-4FFD-924F-8D92DEE0E164}.Debug|Any CPU.ActiveCfg = Debug|Any CPU
		{4A560E33-9288-4FFD-924F-8D92DEE0E164}.Debug|Any CPU.Build.0 = Debug|Any CPU
		{4A560E33-9288-4FFD-924F-8D92DEE0E164}.Debug|iPhone.ActiveCfg = Debug|Any CPU
		{4A560E33-9288-4FFD-924F-8D92DEE0E164}.Debug|iPhone.Build.0 = Debug|Any CPU
		{4A560E33-9288-4FFD-924F-8D92DEE0E164}.Debug|iPhoneSimulator.ActiveCfg = Debug|Any CPU
		{4A560E33-9288-4FFD-924F-8D92DEE0E164}.Debug|iPhoneSimulator.Build.0 = Debug|Any CPU
		{4A560E33-9288-4FFD-924F-8D92DEE0E164}.Release|Any CPU.ActiveCfg = Release|Any CPU
		{4A560E33-9288-4FFD-924F-8D92DEE0E164}.Release|Any CPU.Build.0 = Release|Any CPU
		{4A560E33-9288-4FFD-924F-8D92DEE0E164}.Release|iPhone.ActiveCfg = Release|Any CPU
		{4A560E33-9288-4FFD-924F-8D92DEE0E164}.Release|iPhone.Build.0 = Release|Any CPU
		{4A560E33-9288-4FFD-924F-8D92DEE0E164}.Release|iPhoneSimulator.ActiveCfg = Release|Any CPU
		{4A560E33-9288-4FFD-924F-8D92DEE0E164}.Release|iPhoneSimulator.Build.0 = Release|Any CPU
		{1F3D6907-DD9A-458C-A6BC-A232D7213AFE}.Debug|Any CPU.ActiveCfg = Debug|Any CPU
		{1F3D6907-DD9A-458C-A6BC-A232D7213AFE}.Debug|Any CPU.Build.0 = Debug|Any CPU
		{1F3D6907-DD9A-458C-A6BC-A232D7213AFE}.Debug|iPhone.ActiveCfg = Debug|Any CPU
		{1F3D6907-DD9A-458C-A6BC-A232D7213AFE}.Debug|iPhone.Build.0 = Debug|Any CPU
		{1F3D6907-DD9A-458C-A6BC-A232D7213AFE}.Debug|iPhoneSimulator.ActiveCfg = Debug|Any CPU
		{1F3D6907-DD9A-458C-A6BC-A232D7213AFE}.Debug|iPhoneSimulator.Build.0 = Debug|Any CPU
		{1F3D6907-DD9A-458C-A6BC-A232D7213AFE}.Release|Any CPU.ActiveCfg = Release|Any CPU
		{1F3D6907-DD9A-458C-A6BC-A232D7213AFE}.Release|Any CPU.Build.0 = Release|Any CPU
		{1F3D6907-DD9A-458C-A6BC-A232D7213AFE}.Release|iPhone.ActiveCfg = Release|Any CPU
		{1F3D6907-DD9A-458C-A6BC-A232D7213AFE}.Release|iPhone.Build.0 = Release|Any CPU
		{1F3D6907-DD9A-458C-A6BC-A232D7213AFE}.Release|iPhoneSimulator.ActiveCfg = Release|Any CPU
		{1F3D6907-DD9A-458C-A6BC-A232D7213AFE}.Release|iPhoneSimulator.Build.0 = Release|Any CPU
		{7FF64E64-128A-465E-800D-60C2547C602B}.Debug|Any CPU.ActiveCfg = Debug|Any CPU
		{7FF64E64-128A-465E-800D-60C2547C602B}.Debug|Any CPU.Build.0 = Debug|Any CPU
		{7FF64E64-128A-465E-800D-60C2547C602B}.Debug|iPhone.ActiveCfg = Debug|Any CPU
		{7FF64E64-128A-465E-800D-60C2547C602B}.Debug|iPhone.Build.0 = Debug|Any CPU
		{7FF64E64-128A-465E-800D-60C2547C602B}.Debug|iPhoneSimulator.ActiveCfg = Debug|Any CPU
		{7FF64E64-128A-465E-800D-60C2547C602B}.Debug|iPhoneSimulator.Build.0 = Debug|Any CPU
		{7FF64E64-128A-465E-800D-60C2547C602B}.Release|Any CPU.ActiveCfg = Release|Any CPU
		{7FF64E64-128A-465E-800D-60C2547C602B}.Release|Any CPU.Build.0 = Release|Any CPU
		{7FF64E64-128A-465E-800D-60C2547C602B}.Release|iPhone.ActiveCfg = Release|Any CPU
		{7FF64E64-128A-465E-800D-60C2547C602B}.Release|iPhone.Build.0 = Release|Any CPU
		{7FF64E64-128A-465E-800D-60C2547C602B}.Release|iPhoneSimulator.ActiveCfg = Release|Any CPU
		{7FF64E64-128A-465E-800D-60C2547C602B}.Release|iPhoneSimulator.Build.0 = Release|Any CPU
		{E77C9155-95ED-4418-8129-4BDCC6BFE501}.Debug|Any CPU.ActiveCfg = Debug|Any CPU
		{E77C9155-95ED-4418-8129-4BDCC6BFE501}.Debug|Any CPU.Build.0 = Debug|Any CPU
		{E77C9155-95ED-4418-8129-4BDCC6BFE501}.Debug|iPhone.ActiveCfg = Debug|Any CPU
		{E77C9155-95ED-4418-8129-4BDCC6BFE501}.Debug|iPhone.Build.0 = Debug|Any CPU
		{E77C9155-95ED-4418-8129-4BDCC6BFE501}.Debug|iPhoneSimulator.ActiveCfg = Debug|Any CPU
		{E77C9155-95ED-4418-8129-4BDCC6BFE501}.Debug|iPhoneSimulator.Build.0 = Debug|Any CPU
		{E77C9155-95ED-4418-8129-4BDCC6BFE501}.Release|Any CPU.ActiveCfg = Release|Any CPU
		{E77C9155-95ED-4418-8129-4BDCC6BFE501}.Release|Any CPU.Build.0 = Release|Any CPU
		{E77C9155-95ED-4418-8129-4BDCC6BFE501}.Release|iPhone.ActiveCfg = Release|Any CPU
		{E77C9155-95ED-4418-8129-4BDCC6BFE501}.Release|iPhone.Build.0 = Release|Any CPU
		{E77C9155-95ED-4418-8129-4BDCC6BFE501}.Release|iPhoneSimulator.ActiveCfg = Release|Any CPU
		{E77C9155-95ED-4418-8129-4BDCC6BFE501}.Release|iPhoneSimulator.Build.0 = Release|Any CPU
		{0579D360-C000-4EB1-B065-226340DFBBDE}.Debug|Any CPU.ActiveCfg = Debug|Any CPU
		{0579D360-C000-4EB1-B065-226340DFBBDE}.Debug|Any CPU.Build.0 = Debug|Any CPU
		{0579D360-C000-4EB1-B065-226340DFBBDE}.Debug|iPhone.ActiveCfg = Debug|Any CPU
		{0579D360-C000-4EB1-B065-226340DFBBDE}.Debug|iPhone.Build.0 = Debug|Any CPU
		{0579D360-C000-4EB1-B065-226340DFBBDE}.Debug|iPhoneSimulator.ActiveCfg = Debug|Any CPU
		{0579D360-C000-4EB1-B065-226340DFBBDE}.Debug|iPhoneSimulator.Build.0 = Debug|Any CPU
		{0579D360-C000-4EB1-B065-226340DFBBDE}.Release|Any CPU.ActiveCfg = Release|Any CPU
		{0579D360-C000-4EB1-B065-226340DFBBDE}.Release|Any CPU.Build.0 = Release|Any CPU
		{0579D360-C000-4EB1-B065-226340DFBBDE}.Release|iPhone.ActiveCfg = Release|Any CPU
		{0579D360-C000-4EB1-B065-226340DFBBDE}.Release|iPhone.Build.0 = Release|Any CPU
		{0579D360-C000-4EB1-B065-226340DFBBDE}.Release|iPhoneSimulator.ActiveCfg = Release|Any CPU
		{0579D360-C000-4EB1-B065-226340DFBBDE}.Release|iPhoneSimulator.Build.0 = Release|Any CPU
		{9A69D37F-A7BA-4B6D-9044-9865AA5E2738}.Debug|Any CPU.ActiveCfg = Debug|Any CPU
		{9A69D37F-A7BA-4B6D-9044-9865AA5E2738}.Debug|Any CPU.Build.0 = Debug|Any CPU
		{9A69D37F-A7BA-4B6D-9044-9865AA5E2738}.Debug|iPhone.ActiveCfg = Debug|Any CPU
		{9A69D37F-A7BA-4B6D-9044-9865AA5E2738}.Debug|iPhone.Build.0 = Debug|Any CPU
		{9A69D37F-A7BA-4B6D-9044-9865AA5E2738}.Debug|iPhoneSimulator.ActiveCfg = Debug|Any CPU
		{9A69D37F-A7BA-4B6D-9044-9865AA5E2738}.Debug|iPhoneSimulator.Build.0 = Debug|Any CPU
		{9A69D37F-A7BA-4B6D-9044-9865AA5E2738}.Release|Any CPU.ActiveCfg = Release|Any CPU
		{9A69D37F-A7BA-4B6D-9044-9865AA5E2738}.Release|Any CPU.Build.0 = Release|Any CPU
		{9A69D37F-A7BA-4B6D-9044-9865AA5E2738}.Release|iPhone.ActiveCfg = Release|Any CPU
		{9A69D37F-A7BA-4B6D-9044-9865AA5E2738}.Release|iPhone.Build.0 = Release|Any CPU
		{9A69D37F-A7BA-4B6D-9044-9865AA5E2738}.Release|iPhoneSimulator.ActiveCfg = Release|Any CPU
		{9A69D37F-A7BA-4B6D-9044-9865AA5E2738}.Release|iPhoneSimulator.Build.0 = Release|Any CPU
		{4D49EF5F-BBF5-4FEB-8EDE-EBDAAD685C04}.Debug|Any CPU.ActiveCfg = Debug|Any CPU
		{4D49EF5F-BBF5-4FEB-8EDE-EBDAAD685C04}.Debug|Any CPU.Build.0 = Debug|Any CPU
		{4D49EF5F-BBF5-4FEB-8EDE-EBDAAD685C04}.Debug|iPhone.ActiveCfg = Debug|Any CPU
		{4D49EF5F-BBF5-4FEB-8EDE-EBDAAD685C04}.Debug|iPhone.Build.0 = Debug|Any CPU
		{4D49EF5F-BBF5-4FEB-8EDE-EBDAAD685C04}.Debug|iPhoneSimulator.ActiveCfg = Debug|Any CPU
		{4D49EF5F-BBF5-4FEB-8EDE-EBDAAD685C04}.Debug|iPhoneSimulator.Build.0 = Debug|Any CPU
		{4D49EF5F-BBF5-4FEB-8EDE-EBDAAD685C04}.Release|Any CPU.ActiveCfg = Release|Any CPU
		{4D49EF5F-BBF5-4FEB-8EDE-EBDAAD685C04}.Release|Any CPU.Build.0 = Release|Any CPU
		{4D49EF5F-BBF5-4FEB-8EDE-EBDAAD685C04}.Release|iPhone.ActiveCfg = Release|Any CPU
		{4D49EF5F-BBF5-4FEB-8EDE-EBDAAD685C04}.Release|iPhone.Build.0 = Release|Any CPU
		{4D49EF5F-BBF5-4FEB-8EDE-EBDAAD685C04}.Release|iPhoneSimulator.ActiveCfg = Release|Any CPU
		{4D49EF5F-BBF5-4FEB-8EDE-EBDAAD685C04}.Release|iPhoneSimulator.Build.0 = Release|Any CPU
		{97519414-7330-44A9-B883-B7696A1B7231}.Debug|Any CPU.ActiveCfg = Debug|Any CPU
		{97519414-7330-44A9-B883-B7696A1B7231}.Debug|Any CPU.Build.0 = Debug|Any CPU
		{97519414-7330-44A9-B883-B7696A1B7231}.Debug|iPhone.ActiveCfg = Debug|Any CPU
		{97519414-7330-44A9-B883-B7696A1B7231}.Debug|iPhone.Build.0 = Debug|Any CPU
		{97519414-7330-44A9-B883-B7696A1B7231}.Debug|iPhoneSimulator.ActiveCfg = Debug|Any CPU
		{97519414-7330-44A9-B883-B7696A1B7231}.Debug|iPhoneSimulator.Build.0 = Debug|Any CPU
		{97519414-7330-44A9-B883-B7696A1B7231}.Release|Any CPU.ActiveCfg = Release|Any CPU
		{97519414-7330-44A9-B883-B7696A1B7231}.Release|Any CPU.Build.0 = Release|Any CPU
		{97519414-7330-44A9-B883-B7696A1B7231}.Release|iPhone.ActiveCfg = Release|Any CPU
		{97519414-7330-44A9-B883-B7696A1B7231}.Release|iPhone.Build.0 = Release|Any CPU
		{97519414-7330-44A9-B883-B7696A1B7231}.Release|iPhoneSimulator.ActiveCfg = Release|Any CPU
		{97519414-7330-44A9-B883-B7696A1B7231}.Release|iPhoneSimulator.Build.0 = Release|Any CPU
		{65B25406-EA97-45F1-BEBA-477322B0BA26}.Debug|Any CPU.ActiveCfg = Debug|Any CPU
		{65B25406-EA97-45F1-BEBA-477322B0BA26}.Debug|Any CPU.Build.0 = Debug|Any CPU
		{65B25406-EA97-45F1-BEBA-477322B0BA26}.Debug|iPhone.ActiveCfg = Debug|Any CPU
		{65B25406-EA97-45F1-BEBA-477322B0BA26}.Debug|iPhone.Build.0 = Debug|Any CPU
		{65B25406-EA97-45F1-BEBA-477322B0BA26}.Debug|iPhoneSimulator.ActiveCfg = Debug|Any CPU
		{65B25406-EA97-45F1-BEBA-477322B0BA26}.Debug|iPhoneSimulator.Build.0 = Debug|Any CPU
		{65B25406-EA97-45F1-BEBA-477322B0BA26}.Release|Any CPU.ActiveCfg = Release|Any CPU
		{65B25406-EA97-45F1-BEBA-477322B0BA26}.Release|Any CPU.Build.0 = Release|Any CPU
		{65B25406-EA97-45F1-BEBA-477322B0BA26}.Release|iPhone.ActiveCfg = Release|Any CPU
		{65B25406-EA97-45F1-BEBA-477322B0BA26}.Release|iPhone.Build.0 = Release|Any CPU
		{65B25406-EA97-45F1-BEBA-477322B0BA26}.Release|iPhoneSimulator.ActiveCfg = Release|Any CPU
		{65B25406-EA97-45F1-BEBA-477322B0BA26}.Release|iPhoneSimulator.Build.0 = Release|Any CPU
		{37BC3559-E588-417F-A5DB-6B23369BCBBB}.Debug|Any CPU.ActiveCfg = Debug|Any CPU
		{37BC3559-E588-417F-A5DB-6B23369BCBBB}.Debug|Any CPU.Build.0 = Debug|Any CPU
		{37BC3559-E588-417F-A5DB-6B23369BCBBB}.Debug|iPhone.ActiveCfg = Debug|Any CPU
		{37BC3559-E588-417F-A5DB-6B23369BCBBB}.Debug|iPhone.Build.0 = Debug|Any CPU
		{37BC3559-E588-417F-A5DB-6B23369BCBBB}.Debug|iPhoneSimulator.ActiveCfg = Debug|Any CPU
		{37BC3559-E588-417F-A5DB-6B23369BCBBB}.Debug|iPhoneSimulator.Build.0 = Debug|Any CPU
		{37BC3559-E588-417F-A5DB-6B23369BCBBB}.Release|Any CPU.ActiveCfg = Release|Any CPU
		{37BC3559-E588-417F-A5DB-6B23369BCBBB}.Release|Any CPU.Build.0 = Release|Any CPU
		{37BC3559-E588-417F-A5DB-6B23369BCBBB}.Release|iPhone.ActiveCfg = Release|Any CPU
		{37BC3559-E588-417F-A5DB-6B23369BCBBB}.Release|iPhone.Build.0 = Release|Any CPU
		{37BC3559-E588-417F-A5DB-6B23369BCBBB}.Release|iPhoneSimulator.ActiveCfg = Release|Any CPU
		{37BC3559-E588-417F-A5DB-6B23369BCBBB}.Release|iPhoneSimulator.Build.0 = Release|Any CPU
		{340F139F-7034-4416-BD6A-2F4770B68E41}.Debug|Any CPU.ActiveCfg = Debug|Any CPU
		{340F139F-7034-4416-BD6A-2F4770B68E41}.Debug|Any CPU.Build.0 = Debug|Any CPU
		{340F139F-7034-4416-BD6A-2F4770B68E41}.Debug|iPhone.ActiveCfg = Debug|Any CPU
		{340F139F-7034-4416-BD6A-2F4770B68E41}.Debug|iPhone.Build.0 = Debug|Any CPU
		{340F139F-7034-4416-BD6A-2F4770B68E41}.Debug|iPhoneSimulator.ActiveCfg = Debug|Any CPU
		{340F139F-7034-4416-BD6A-2F4770B68E41}.Debug|iPhoneSimulator.Build.0 = Debug|Any CPU
		{340F139F-7034-4416-BD6A-2F4770B68E41}.Release|Any CPU.ActiveCfg = Release|Any CPU
		{340F139F-7034-4416-BD6A-2F4770B68E41}.Release|Any CPU.Build.0 = Release|Any CPU
		{340F139F-7034-4416-BD6A-2F4770B68E41}.Release|iPhone.ActiveCfg = Release|Any CPU
		{340F139F-7034-4416-BD6A-2F4770B68E41}.Release|iPhone.Build.0 = Release|Any CPU
		{340F139F-7034-4416-BD6A-2F4770B68E41}.Release|iPhoneSimulator.ActiveCfg = Release|Any CPU
		{340F139F-7034-4416-BD6A-2F4770B68E41}.Release|iPhoneSimulator.Build.0 = Release|Any CPU
		{E57E68D0-37AE-4ED2-8C60-3A15FD66453E}.Debug|Any CPU.ActiveCfg = Debug|Any CPU
		{E57E68D0-37AE-4ED2-8C60-3A15FD66453E}.Debug|Any CPU.Build.0 = Debug|Any CPU
		{E57E68D0-37AE-4ED2-8C60-3A15FD66453E}.Debug|iPhone.ActiveCfg = Debug|Any CPU
		{E57E68D0-37AE-4ED2-8C60-3A15FD66453E}.Debug|iPhone.Build.0 = Debug|Any CPU
		{E57E68D0-37AE-4ED2-8C60-3A15FD66453E}.Debug|iPhoneSimulator.ActiveCfg = Debug|Any CPU
		{E57E68D0-37AE-4ED2-8C60-3A15FD66453E}.Debug|iPhoneSimulator.Build.0 = Debug|Any CPU
		{E57E68D0-37AE-4ED2-8C60-3A15FD66453E}.Release|Any CPU.ActiveCfg = Release|Any CPU
		{E57E68D0-37AE-4ED2-8C60-3A15FD66453E}.Release|Any CPU.Build.0 = Release|Any CPU
		{E57E68D0-37AE-4ED2-8C60-3A15FD66453E}.Release|iPhone.ActiveCfg = Release|Any CPU
		{E57E68D0-37AE-4ED2-8C60-3A15FD66453E}.Release|iPhone.Build.0 = Release|Any CPU
		{E57E68D0-37AE-4ED2-8C60-3A15FD66453E}.Release|iPhoneSimulator.ActiveCfg = Release|Any CPU
		{E57E68D0-37AE-4ED2-8C60-3A15FD66453E}.Release|iPhoneSimulator.Build.0 = Release|Any CPU
		{E13A95DE-743F-4DFE-834F-2CAF80D2B20B}.Debug|Any CPU.ActiveCfg = Debug|Any CPU
		{E13A95DE-743F-4DFE-834F-2CAF80D2B20B}.Debug|Any CPU.Build.0 = Debug|Any CPU
		{E13A95DE-743F-4DFE-834F-2CAF80D2B20B}.Debug|iPhone.ActiveCfg = Debug|Any CPU
		{E13A95DE-743F-4DFE-834F-2CAF80D2B20B}.Debug|iPhone.Build.0 = Debug|Any CPU
		{E13A95DE-743F-4DFE-834F-2CAF80D2B20B}.Debug|iPhoneSimulator.ActiveCfg = Debug|Any CPU
		{E13A95DE-743F-4DFE-834F-2CAF80D2B20B}.Debug|iPhoneSimulator.Build.0 = Debug|Any CPU
		{E13A95DE-743F-4DFE-834F-2CAF80D2B20B}.Release|Any CPU.ActiveCfg = Release|Any CPU
		{E13A95DE-743F-4DFE-834F-2CAF80D2B20B}.Release|Any CPU.Build.0 = Release|Any CPU
		{E13A95DE-743F-4DFE-834F-2CAF80D2B20B}.Release|iPhone.ActiveCfg = Release|Any CPU
		{E13A95DE-743F-4DFE-834F-2CAF80D2B20B}.Release|iPhone.Build.0 = Release|Any CPU
		{E13A95DE-743F-4DFE-834F-2CAF80D2B20B}.Release|iPhoneSimulator.ActiveCfg = Release|Any CPU
		{E13A95DE-743F-4DFE-834F-2CAF80D2B20B}.Release|iPhoneSimulator.Build.0 = Release|Any CPU
	EndGlobalSection
	GlobalSection(SolutionProperties) = preSolution
		HideSolutionNode = FALSE
	EndGlobalSection
	GlobalSection(NestedProjects) = preSolution
		{17D190DF-08B9-4BCD-B839-727FFC3587F2} = {C079828E-C618-4B92-8D22-9E286426C5F6}
		{8B31ACF0-86B8-4208-A054-940EA9378C1D} = {24C20221-23EA-427B-AAEB-5A5F475E7A78}
		{109FDCE7-7624-4A44-8BBD-4CA986C7A1D7} = {24C20221-23EA-427B-AAEB-5A5F475E7A78}
		{B3297A80-BA04-4FF5-A6E5-9A15575AE293} = {C079828E-C618-4B92-8D22-9E286426C5F6}
		{049F413C-7BC4-421B-801D-9B5AB53D0022} = {0F506B1F-B243-4B0C-9892-791A39ACEDD1}
		{DE60DA70-889F-4819-857F-29D47A114788} = {0F506B1F-B243-4B0C-9892-791A39ACEDD1}
		{4A560E33-9288-4FFD-924F-8D92DEE0E164} = {C079828E-C618-4B92-8D22-9E286426C5F6}
		{FBA41A83-81AC-41C6-A656-6F697E377B00} = {651C11E3-BBFA-473C-BCFB-91FA22F6DD8A}
		{0F506B1F-B243-4B0C-9892-791A39ACEDD1} = {C079828E-C618-4B92-8D22-9E286426C5F6}
		{1F3D6907-DD9A-458C-A6BC-A232D7213AFE} = {109FDCE7-7624-4A44-8BBD-4CA986C7A1D7}
		{7FF64E64-128A-465E-800D-60C2547C602B} = {109FDCE7-7624-4A44-8BBD-4CA986C7A1D7}
		{E77C9155-95ED-4418-8129-4BDCC6BFE501} = {109FDCE7-7624-4A44-8BBD-4CA986C7A1D7}
		{0579D360-C000-4EB1-B065-226340DFBBDE} = {8B31ACF0-86B8-4208-A054-940EA9378C1D}
		{9A69D37F-A7BA-4B6D-9044-9865AA5E2738} = {8B31ACF0-86B8-4208-A054-940EA9378C1D}
		{4D49EF5F-BBF5-4FEB-8EDE-EBDAAD685C04} = {8B31ACF0-86B8-4208-A054-940EA9378C1D}
		{97519414-7330-44A9-B883-B7696A1B7231} = {651C11E3-BBFA-473C-BCFB-91FA22F6DD8A}
		{6540A716-8851-4D2C-935F-0A787DA3ED78} = {24C20221-23EA-427B-AAEB-5A5F475E7A78}
		{65B25406-EA97-45F1-BEBA-477322B0BA26} = {6540A716-8851-4D2C-935F-0A787DA3ED78}
		{37BC3559-E588-417F-A5DB-6B23369BCBBB} = {6540A716-8851-4D2C-935F-0A787DA3ED78}
		{340F139F-7034-4416-BD6A-2F4770B68E41} = {6540A716-8851-4D2C-935F-0A787DA3ED78}
		{E57E68D0-37AE-4ED2-8C60-3A15FD66453E} = {109FDCE7-7624-4A44-8BBD-4CA986C7A1D7}
		{E13A95DE-743F-4DFE-834F-2CAF80D2B20B} = {109FDCE7-7624-4A44-8BBD-4CA986C7A1D7}
	EndGlobalSection
	GlobalSection(ExtensibilityGlobals) = postSolution
		SolutionGuid = {97760152-ADDA-421F-9345-9C7825A99FB7}
	EndGlobalSection
EndGlobal
