
Microsoft Visual Studio Solution File, Format Version 12.00
# Visual Studio Version 16
VisualStudioVersion = 16.0.31624.102
MinimumVisualStudioVersion = 10.0.40219.1
Project("{FAE04EC0-301F-11D3-BF4B-00C04F79EFBC}") = "Shiny.WebApi", "src\Shiny.WebApi\Shiny.WebApi.csproj", "{2089A344-B17E-483A-B407-BBCCEE0E0888}"
EndProject
Project("{FAE04EC0-301F-11D3-BF4B-00C04F79EFBC}") = "Shiny.Api.Push.Abstractions", "src\Shiny.Api.Push.Abstractions\Shiny.Api.Push.Abstractions.csproj", "{CA40D2FD-6EB7-4037-813D-5DDAEB65FDA5}"
EndProject
Project("{FAE04EC0-301F-11D3-BF4B-00C04F79EFBC}") = "Shiny.Api.Push", "src\Shiny.Api.Push\Shiny.Api.Push.csproj", "{7E232248-A618-4517-9BFA-320960B88607}"
EndProject
Project("{FAE04EC0-301F-11D3-BF4B-00C04F79EFBC}") = "Shiny.Api.Push.Management.Abstractions", "src\Shiny.Api.Push.Management.Abstractions\Shiny.Api.Push.Management.Abstractions.csproj", "{3553DFFC-E5CF-42DC-B35F-54A2D00CD241}"
EndProject
Project("{FAE04EC0-301F-11D3-BF4B-00C04F79EFBC}") = "Shiny.Api.Push.Management", "src\Shiny.Api.Push.Management\Shiny.Api.Push.Management.csproj", "{2EC75A0D-EA3E-4BED-ACE2-E02A89BA30B5}"
EndProject
Global
	GlobalSection(SolutionConfigurationPlatforms) = preSolution
		Debug|Any CPU = Debug|Any CPU
		Release|Any CPU = Release|Any CPU
	EndGlobalSection
	GlobalSection(ProjectConfigurationPlatforms) = postSolution
		{2089A344-B17E-483A-B407-BBCCEE0E0888}.Debug|Any CPU.ActiveCfg = Debug|Any CPU
		{2089A344-B17E-483A-B407-BBCCEE0E0888}.Debug|Any CPU.Build.0 = Debug|Any CPU
		{2089A344-B17E-483A-B407-BBCCEE0E0888}.Release|Any CPU.ActiveCfg = Release|Any CPU
		{2089A344-B17E-483A-B407-BBCCEE0E0888}.Release|Any CPU.Build.0 = Release|Any CPU
		{CA40D2FD-6EB7-4037-813D-5DDAEB65FDA5}.Debug|Any CPU.ActiveCfg = Debug|Any CPU
		{CA40D2FD-6EB7-4037-813D-5DDAEB65FDA5}.Debug|Any CPU.Build.0 = Debug|Any CPU
		{CA40D2FD-6EB7-4037-813D-5DDAEB65FDA5}.Release|Any CPU.ActiveCfg = Release|Any CPU
		{CA40D2FD-6EB7-4037-813D-5DDAEB65FDA5}.Release|Any CPU.Build.0 = Release|Any CPU
		{7E232248-A618-4517-9BFA-320960B88607}.Debug|Any CPU.ActiveCfg = Debug|Any CPU
		{7E232248-A618-4517-9BFA-320960B88607}.Debug|Any CPU.Build.0 = Debug|Any CPU
		{7E232248-A618-4517-9BFA-320960B88607}.Release|Any CPU.ActiveCfg = Release|Any CPU
		{7E232248-A618-4517-9BFA-320960B88607}.Release|Any CPU.Build.0 = Release|Any CPU
		{3553DFFC-E5CF-42DC-B35F-54A2D00CD241}.Debug|Any CPU.ActiveCfg = Debug|Any CPU
		{3553DFFC-E5CF-42DC-B35F-54A2D00CD241}.Debug|Any CPU.Build.0 = Debug|Any CPU
		{3553DFFC-E5CF-42DC-B35F-54A2D00CD241}.Release|Any CPU.ActiveCfg = Release|Any CPU
		{3553DFFC-E5CF-42DC-B35F-54A2D00CD241}.Release|Any CPU.Build.0 = Release|Any CPU
		{2EC75A0D-EA3E-4BED-ACE2-E02A89BA30B5}.Debug|Any CPU.ActiveCfg = Debug|Any CPU
		{2EC75A0D-EA3E-4BED-ACE2-E02A89BA30B5}.Debug|Any CPU.Build.0 = Debug|Any CPU
		{2EC75A0D-EA3E-4BED-ACE2-E02A89BA30B5}.Release|Any CPU.ActiveCfg = Release|Any CPU
		{2EC75A0D-EA3E-4BED-ACE2-E02A89BA30B5}.Release|Any CPU.Build.0 = Release|Any CPU
	EndGlobalSection
	GlobalSection(SolutionProperties) = preSolution
		HideSolutionNode = FALSE
	EndGlobalSection
	GlobalSection(ExtensibilityGlobals) = postSolution
		SolutionGuid = {97760152-ADDA-421F-9345-9C7825A99FB7}
	EndGlobalSection
EndGlobal
